
Microsoft Visual Studio Solution File, Format Version 12.00
# Visual Studio Version 16
VisualStudioVersion = 16.0.29806.167
MinimumVisualStudioVersion = 10.0.40219.1
Project("{2150E333-8FDC-42A3-9474-1A3956D46DE8}") = "EnterpriseApp1.Core", "EnterpriseApp1.Core", "{921341D0-1CFC-4AEC-A938-5896D35E5168}"
EndProject
Project("{FAE04EC0-301F-11D3-BF4B-00C04F79EFBC}") = "EnterpriseApp1.Core", "EnterpriseApp1\EnterpriseApp1.Core\EnterpriseApp1.Core\EnterpriseApp1.Core.csproj", "{CBDA94A9-C340-4F0B-A6B7-6E79D8609E84}"
EndProject
Project("{2150E333-8FDC-42A3-9474-1A3956D46DE8}") = "EnterpriseApp1.ML", "EnterpriseApp1.ML", "{C74A5D0B-58F2-41BE-9AF3-D3B2E75ECAA4}"
EndProject
Project("{FAE04EC0-301F-11D3-BF4B-00C04F79EFBC}") = "EnterpriseApp1.ML.Train", "EnterpriseApp1\EnterpriseApp1.ML\EnterpriseApp1.ML.Train\EnterpriseApp1.ML.Train.csproj", "{62A2143D-1D65-4B58-8E3F-7EF70C111394}"
EndProject
Project("{FAE04EC0-301F-11D3-BF4B-00C04F79EFBC}") = "EnterpriseApp1.ML.Consume", "EnterpriseApp1\EnterpriseApp1.ML\EnterpriseApp1.ML.Consume\EnterpriseApp1.ML.Consume.csproj", "{7C6E5CF1-46D6-468E-9981-C82F9BC07423}"
EndProject
Project("{2150E333-8FDC-42A3-9474-1A3956D46DE8}") = "EnterpriseApp1.Mobile", "EnterpriseApp1.Mobile", "{B423DA51-E272-4A7A-B890-43B92367C186}"
EndProject
Project("{FAE04EC0-301F-11D3-BF4B-00C04F79EFBC}") = "EnterpriseApp1.Mobile.Shared", "EnterpriseApp1\EnterpriseApp1.Mobile\EnterpriseApp1.Mobile.Shared\EnterpriseApp1.Mobile.Shared.csproj", "{280C16B4-FB91-4FCE-9BAA-463EC5305A05}"
EndProject
Project("{FAE04EC0-301F-11D3-BF4B-00C04F79EFBC}") = "EnterpriseApp1.Mobile.Android", "EnterpriseApp1\EnterpriseApp1.Mobile\EnterpriseApp1.Mobile.Android\EnterpriseApp1.Mobile.Android.csproj", "{6664FB84-86D2-420A-B888-356AC9B7CBEC}"
EndProject
Project("{FAE04EC0-301F-11D3-BF4B-00C04F79EFBC}") = "EnterpriseApp1.Mobile.iOS", "EnterpriseApp1\EnterpriseApp1.Mobile\EnterpriseApp1.Mobile.iOS\EnterpriseApp1.Mobile.iOS.csproj", "{25671DEB-5FE3-4396-8598-FE6919064A93}"
EndProject
Project("{FAE04EC0-301F-11D3-BF4B-00C04F79EFBC}") = "EnterpriseApp1.Mobile.Tizen", "EnterpriseApp1\EnterpriseApp1.Mobile\EnterpriseApp1.Mobile.Tizen\EnterpriseApp1.Mobile.Tizen.csproj", "{331FA6ED-75B4-4320-8315-9BA8F45C9143}"
EndProject
Project("{FAE04EC0-301F-11D3-BF4B-00C04F79EFBC}") = "EnterpriseApp1.Mobile.UWP", "EnterpriseApp1\EnterpriseApp1.Mobile\EnterpriseApp1.Mobile.UWP\EnterpriseApp1.Mobile.UWP.csproj", "{036C5DBE-7DD3-4B37-B205-FA9054AD8C9C}"
EndProject
Project("{2150E333-8FDC-42A3-9474-1A3956D46DE8}") = "EnterpriseApp1.Desktop", "EnterpriseApp1.Desktop", "{1189A23C-D03C-4854-8DF6-E7A447F8346E}"
EndProject
Project("{FAE04EC0-301F-11D3-BF4B-00C04F79EFBC}") = "EnterpriseApp1.Desktop.WinForms", "EnterpriseApp1\EnterpriseApp1.Desktop\EnterpriseApp1.Desktop.WinForms\EnterpriseApp1.Desktop.WinForms.csproj", "{DB59ADD0-CD8E-4B5D-82F5-6102BCCDD52C}"
EndProject
Project("{FAE04EC0-301F-11D3-BF4B-00C04F79EFBC}") = "EnterpriseApp1.Desktop.WPF", "EnterpriseApp1\EnterpriseApp1.Desktop\EnterpriseApp1.Desktop.WPF\EnterpriseApp1.Desktop.WPF.csproj", "{718056E4-9BA9-42AB-87AD-C3C4857D4066}"
EndProject
Project("{2150E333-8FDC-42A3-9474-1A3956D46DE8}") = "EnterpriseApp1.Test", "EnterpriseApp1.Test", "{CC98C10C-FF79-48FE-877C-28483270F22D}"
EndProject
Project("{FAE04EC0-301F-11D3-BF4B-00C04F79EFBC}") = "EnterpriseApp1.Core.UnitTest", "EnterpriseApp1\EnterpriseApp1.Test\EnterpriseApp1.Core.UnitTest\EnterpriseApp1.Core.UnitTest.csproj", "{62BBB98B-1E45-4F4B-90AB-AB23812DFF67}"
EndProject
Project("{FAE04EC0-301F-11D3-BF4B-00C04F79EFBC}") = "EnterpriseApp1.Web.UnitTest", "EnterpriseApp1\EnterpriseApp1.Test\EnterpriseApp1.Web.UnitTest\EnterpriseApp1.Web.UnitTest.csproj", "{5E721F78-94F6-497E-882A-16C8DED1936A}"
EndProject
Project("{FAE04EC0-301F-11D3-BF4B-00C04F79EFBC}") = "EnterpriseApp1.Mobile.Shared.UITest", "EnterpriseApp1\EnterpriseApp1.Test\EnterpriseApp1.Mobile.Shared.UITest\EnterpriseApp1.Mobile.Shared.UITest.csproj", "{8FE9B35A-87A7-4520-94EA-004D5D538A34}"
EndProject
Project("{2150E333-8FDC-42A3-9474-1A3956D46DE8}") = "EnterpriseApp1.Web", "EnterpriseApp1.Web", "{11029EE5-1825-4711-A096-A7866CB950DE}"
EndProject
Project("{FAE04EC0-301F-11D3-BF4B-00C04F79EFBC}") = "EnterpriseApp1.Web", "EnterpriseApp1\EnterpriseApp1.Web\EnterpriseApp1.Web\EnterpriseApp1.Web.csproj", "{D1AB0F6D-6A41-451F-98D6-59293CF36C46}"
EndProject
Project("{FAE04EC0-301F-11D3-BF4B-00C04F79EFBC}") = "EnterpriseApp1.Web.Static", "EnterpriseApp1\EnterpriseApp1.Web\EnterpriseApp1.Web.Static\EnterpriseApp1.Web.Static.csproj", "{B9FD5552-EF0C-4382-BCCD-CBC4DCD08E0B}"
EndProject
Project("{2150E333-8FDC-42A3-9474-1A3956D46DE8}") = "EnterpriseApp1.Prototype", "EnterpriseApp1.Prototype", "{43EFC631-6593-4944-9C9F-6E2A6B2629CC}"
	ProjectSection(SolutionItems) = preProject
		EnterpriseApp1\EnterpriseApp1.Prototype\EnterpriseApp1.Core.xd = EnterpriseApp1\EnterpriseApp1.Prototype\EnterpriseApp1.Core.xd
		EnterpriseApp1\EnterpriseApp1.Prototype\EnterpriseApp1.Desktop.xd = EnterpriseApp1\EnterpriseApp1.Prototype\EnterpriseApp1.Desktop.xd
		EnterpriseApp1\EnterpriseApp1.Prototype\EnterpriseApp1.Mobile.xd = EnterpriseApp1\EnterpriseApp1.Prototype\EnterpriseApp1.Mobile.xd
		EnterpriseApp1\EnterpriseApp1.Prototype\EnterpriseApp1.Web.xd = EnterpriseApp1\EnterpriseApp1.Prototype\EnterpriseApp1.Web.xd
	EndProjectSection
EndProject
Global
	GlobalSection(SolutionConfigurationPlatforms) = preSolution
		Ad-Hoc|Any CPU = Ad-Hoc|Any CPU
		Ad-Hoc|ARM = Ad-Hoc|ARM
		Ad-Hoc|iPhone = Ad-Hoc|iPhone
		Ad-Hoc|iPhoneSimulator = Ad-Hoc|iPhoneSimulator
		Ad-Hoc|x64 = Ad-Hoc|x64
		Ad-Hoc|x86 = Ad-Hoc|x86
		AppStore|Any CPU = AppStore|Any CPU
		AppStore|ARM = AppStore|ARM
		AppStore|iPhone = AppStore|iPhone
		AppStore|iPhoneSimulator = AppStore|iPhoneSimulator
		AppStore|x64 = AppStore|x64
		AppStore|x86 = AppStore|x86
		Debug|Any CPU = Debug|Any CPU
		Debug|ARM = Debug|ARM
		Debug|iPhone = Debug|iPhone
		Debug|iPhoneSimulator = Debug|iPhoneSimulator
		Debug|x64 = Debug|x64
		Debug|x86 = Debug|x86
		Release|Any CPU = Release|Any CPU
		Release|ARM = Release|ARM
		Release|iPhone = Release|iPhone
		Release|iPhoneSimulator = Release|iPhoneSimulator
		Release|x64 = Release|x64
		Release|x86 = Release|x86
	EndGlobalSection
	GlobalSection(ProjectConfigurationPlatforms) = postSolution
		{CBDA94A9-C340-4F0B-A6B7-6E79D8609E84}.Ad-Hoc|Any CPU.ActiveCfg = Debug|Any CPU
		{CBDA94A9-C340-4F0B-A6B7-6E79D8609E84}.Ad-Hoc|Any CPU.Build.0 = Debug|Any CPU
		{CBDA94A9-C340-4F0B-A6B7-6E79D8609E84}.Ad-Hoc|ARM.ActiveCfg = Debug|Any CPU
		{CBDA94A9-C340-4F0B-A6B7-6E79D8609E84}.Ad-Hoc|ARM.Build.0 = Debug|Any CPU
		{CBDA94A9-C340-4F0B-A6B7-6E79D8609E84}.Ad-Hoc|iPhone.ActiveCfg = Debug|Any CPU
		{CBDA94A9-C340-4F0B-A6B7-6E79D8609E84}.Ad-Hoc|iPhone.Build.0 = Debug|Any CPU
		{CBDA94A9-C340-4F0B-A6B7-6E79D8609E84}.Ad-Hoc|iPhoneSimulator.ActiveCfg = Debug|Any CPU
		{CBDA94A9-C340-4F0B-A6B7-6E79D8609E84}.Ad-Hoc|iPhoneSimulator.Build.0 = Debug|Any CPU
		{CBDA94A9-C340-4F0B-A6B7-6E79D8609E84}.Ad-Hoc|x64.ActiveCfg = Debug|Any CPU
		{CBDA94A9-C340-4F0B-A6B7-6E79D8609E84}.Ad-Hoc|x64.Build.0 = Debug|Any CPU
		{CBDA94A9-C340-4F0B-A6B7-6E79D8609E84}.Ad-Hoc|x86.ActiveCfg = Debug|Any CPU
		{CBDA94A9-C340-4F0B-A6B7-6E79D8609E84}.Ad-Hoc|x86.Build.0 = Debug|Any CPU
		{CBDA94A9-C340-4F0B-A6B7-6E79D8609E84}.AppStore|Any CPU.ActiveCfg = Debug|Any CPU
		{CBDA94A9-C340-4F0B-A6B7-6E79D8609E84}.AppStore|Any CPU.Build.0 = Debug|Any CPU
		{CBDA94A9-C340-4F0B-A6B7-6E79D8609E84}.AppStore|ARM.ActiveCfg = Debug|Any CPU
		{CBDA94A9-C340-4F0B-A6B7-6E79D8609E84}.AppStore|ARM.Build.0 = Debug|Any CPU
		{CBDA94A9-C340-4F0B-A6B7-6E79D8609E84}.AppStore|iPhone.ActiveCfg = Debug|Any CPU
		{CBDA94A9-C340-4F0B-A6B7-6E79D8609E84}.AppStore|iPhone.Build.0 = Debug|Any CPU
		{CBDA94A9-C340-4F0B-A6B7-6E79D8609E84}.AppStore|iPhoneSimulator.ActiveCfg = Debug|Any CPU
		{CBDA94A9-C340-4F0B-A6B7-6E79D8609E84}.AppStore|iPhoneSimulator.Build.0 = Debug|Any CPU
		{CBDA94A9-C340-4F0B-A6B7-6E79D8609E84}.AppStore|x64.ActiveCfg = Debug|Any CPU
		{CBDA94A9-C340-4F0B-A6B7-6E79D8609E84}.AppStore|x64.Build.0 = Debug|Any CPU
		{CBDA94A9-C340-4F0B-A6B7-6E79D8609E84}.AppStore|x86.ActiveCfg = Debug|Any CPU
		{CBDA94A9-C340-4F0B-A6B7-6E79D8609E84}.AppStore|x86.Build.0 = Debug|Any CPU
		{CBDA94A9-C340-4F0B-A6B7-6E79D8609E84}.Debug|Any CPU.ActiveCfg = Debug|Any CPU
		{CBDA94A9-C340-4F0B-A6B7-6E79D8609E84}.Debug|Any CPU.Build.0 = Debug|Any CPU
		{CBDA94A9-C340-4F0B-A6B7-6E79D8609E84}.Debug|ARM.ActiveCfg = Debug|Any CPU
		{CBDA94A9-C340-4F0B-A6B7-6E79D8609E84}.Debug|ARM.Build.0 = Debug|Any CPU
		{CBDA94A9-C340-4F0B-A6B7-6E79D8609E84}.Debug|iPhone.ActiveCfg = Debug|Any CPU
		{CBDA94A9-C340-4F0B-A6B7-6E79D8609E84}.Debug|iPhone.Build.0 = Debug|Any CPU
		{CBDA94A9-C340-4F0B-A6B7-6E79D8609E84}.Debug|iPhoneSimulator.ActiveCfg = Debug|Any CPU
		{CBDA94A9-C340-4F0B-A6B7-6E79D8609E84}.Debug|iPhoneSimulator.Build.0 = Debug|Any CPU
		{CBDA94A9-C340-4F0B-A6B7-6E79D8609E84}.Debug|x64.ActiveCfg = Debug|Any CPU
		{CBDA94A9-C340-4F0B-A6B7-6E79D8609E84}.Debug|x64.Build.0 = Debug|Any CPU
		{CBDA94A9-C340-4F0B-A6B7-6E79D8609E84}.Debug|x86.ActiveCfg = Debug|Any CPU
		{CBDA94A9-C340-4F0B-A6B7-6E79D8609E84}.Debug|x86.Build.0 = Debug|Any CPU
		{CBDA94A9-C340-4F0B-A6B7-6E79D8609E84}.Release|Any CPU.ActiveCfg = Release|Any CPU
		{CBDA94A9-C340-4F0B-A6B7-6E79D8609E84}.Release|Any CPU.Build.0 = Release|Any CPU
		{CBDA94A9-C340-4F0B-A6B7-6E79D8609E84}.Release|ARM.ActiveCfg = Release|Any CPU
		{CBDA94A9-C340-4F0B-A6B7-6E79D8609E84}.Release|ARM.Build.0 = Release|Any CPU
		{CBDA94A9-C340-4F0B-A6B7-6E79D8609E84}.Release|iPhone.ActiveCfg = Release|Any CPU
		{CBDA94A9-C340-4F0B-A6B7-6E79D8609E84}.Release|iPhone.Build.0 = Release|Any CPU
		{CBDA94A9-C340-4F0B-A6B7-6E79D8609E84}.Release|iPhoneSimulator.ActiveCfg = Release|Any CPU
		{CBDA94A9-C340-4F0B-A6B7-6E79D8609E84}.Release|iPhoneSimulator.Build.0 = Release|Any CPU
		{CBDA94A9-C340-4F0B-A6B7-6E79D8609E84}.Release|x64.ActiveCfg = Release|Any CPU
		{CBDA94A9-C340-4F0B-A6B7-6E79D8609E84}.Release|x64.Build.0 = Release|Any CPU
		{CBDA94A9-C340-4F0B-A6B7-6E79D8609E84}.Release|x86.ActiveCfg = Release|Any CPU
		{CBDA94A9-C340-4F0B-A6B7-6E79D8609E84}.Release|x86.Build.0 = Release|Any CPU
		{62A2143D-1D65-4B58-8E3F-7EF70C111394}.Ad-Hoc|Any CPU.ActiveCfg = Debug|Any CPU
		{62A2143D-1D65-4B58-8E3F-7EF70C111394}.Ad-Hoc|Any CPU.Build.0 = Debug|Any CPU
		{62A2143D-1D65-4B58-8E3F-7EF70C111394}.Ad-Hoc|ARM.ActiveCfg = Debug|Any CPU
		{62A2143D-1D65-4B58-8E3F-7EF70C111394}.Ad-Hoc|ARM.Build.0 = Debug|Any CPU
		{62A2143D-1D65-4B58-8E3F-7EF70C111394}.Ad-Hoc|iPhone.ActiveCfg = Debug|Any CPU
		{62A2143D-1D65-4B58-8E3F-7EF70C111394}.Ad-Hoc|iPhone.Build.0 = Debug|Any CPU
		{62A2143D-1D65-4B58-8E3F-7EF70C111394}.Ad-Hoc|iPhoneSimulator.ActiveCfg = Debug|Any CPU
		{62A2143D-1D65-4B58-8E3F-7EF70C111394}.Ad-Hoc|iPhoneSimulator.Build.0 = Debug|Any CPU
		{62A2143D-1D65-4B58-8E3F-7EF70C111394}.Ad-Hoc|x64.ActiveCfg = Debug|Any CPU
		{62A2143D-1D65-4B58-8E3F-7EF70C111394}.Ad-Hoc|x64.Build.0 = Debug|Any CPU
		{62A2143D-1D65-4B58-8E3F-7EF70C111394}.Ad-Hoc|x86.ActiveCfg = Debug|Any CPU
		{62A2143D-1D65-4B58-8E3F-7EF70C111394}.Ad-Hoc|x86.Build.0 = Debug|Any CPU
		{62A2143D-1D65-4B58-8E3F-7EF70C111394}.AppStore|Any CPU.ActiveCfg = Debug|Any CPU
		{62A2143D-1D65-4B58-8E3F-7EF70C111394}.AppStore|Any CPU.Build.0 = Debug|Any CPU
		{62A2143D-1D65-4B58-8E3F-7EF70C111394}.AppStore|ARM.ActiveCfg = Debug|Any CPU
		{62A2143D-1D65-4B58-8E3F-7EF70C111394}.AppStore|ARM.Build.0 = Debug|Any CPU
		{62A2143D-1D65-4B58-8E3F-7EF70C111394}.AppStore|iPhone.ActiveCfg = Debug|Any CPU
		{62A2143D-1D65-4B58-8E3F-7EF70C111394}.AppStore|iPhone.Build.0 = Debug|Any CPU
		{62A2143D-1D65-4B58-8E3F-7EF70C111394}.AppStore|iPhoneSimulator.ActiveCfg = Debug|Any CPU
		{62A2143D-1D65-4B58-8E3F-7EF70C111394}.AppStore|iPhoneSimulator.Build.0 = Debug|Any CPU
		{62A2143D-1D65-4B58-8E3F-7EF70C111394}.AppStore|x64.ActiveCfg = Debug|Any CPU
		{62A2143D-1D65-4B58-8E3F-7EF70C111394}.AppStore|x64.Build.0 = Debug|Any CPU
		{62A2143D-1D65-4B58-8E3F-7EF70C111394}.AppStore|x86.ActiveCfg = Debug|Any CPU
		{62A2143D-1D65-4B58-8E3F-7EF70C111394}.AppStore|x86.Build.0 = Debug|Any CPU
		{62A2143D-1D65-4B58-8E3F-7EF70C111394}.Debug|Any CPU.ActiveCfg = Debug|Any CPU
		{62A2143D-1D65-4B58-8E3F-7EF70C111394}.Debug|Any CPU.Build.0 = Debug|Any CPU
		{62A2143D-1D65-4B58-8E3F-7EF70C111394}.Debug|ARM.ActiveCfg = Debug|Any CPU
		{62A2143D-1D65-4B58-8E3F-7EF70C111394}.Debug|ARM.Build.0 = Debug|Any CPU
		{62A2143D-1D65-4B58-8E3F-7EF70C111394}.Debug|iPhone.ActiveCfg = Debug|Any CPU
		{62A2143D-1D65-4B58-8E3F-7EF70C111394}.Debug|iPhone.Build.0 = Debug|Any CPU
		{62A2143D-1D65-4B58-8E3F-7EF70C111394}.Debug|iPhoneSimulator.ActiveCfg = Debug|Any CPU
		{62A2143D-1D65-4B58-8E3F-7EF70C111394}.Debug|iPhoneSimulator.Build.0 = Debug|Any CPU
		{62A2143D-1D65-4B58-8E3F-7EF70C111394}.Debug|x64.ActiveCfg = Debug|Any CPU
		{62A2143D-1D65-4B58-8E3F-7EF70C111394}.Debug|x64.Build.0 = Debug|Any CPU
		{62A2143D-1D65-4B58-8E3F-7EF70C111394}.Debug|x86.ActiveCfg = Debug|Any CPU
		{62A2143D-1D65-4B58-8E3F-7EF70C111394}.Debug|x86.Build.0 = Debug|Any CPU
		{62A2143D-1D65-4B58-8E3F-7EF70C111394}.Release|Any CPU.ActiveCfg = Release|Any CPU
		{62A2143D-1D65-4B58-8E3F-7EF70C111394}.Release|Any CPU.Build.0 = Release|Any CPU
		{62A2143D-1D65-4B58-8E3F-7EF70C111394}.Release|ARM.ActiveCfg = Release|Any CPU
		{62A2143D-1D65-4B58-8E3F-7EF70C111394}.Release|ARM.Build.0 = Release|Any CPU
		{62A2143D-1D65-4B58-8E3F-7EF70C111394}.Release|iPhone.ActiveCfg = Release|Any CPU
		{62A2143D-1D65-4B58-8E3F-7EF70C111394}.Release|iPhone.Build.0 = Release|Any CPU
		{62A2143D-1D65-4B58-8E3F-7EF70C111394}.Release|iPhoneSimulator.ActiveCfg = Release|Any CPU
		{62A2143D-1D65-4B58-8E3F-7EF70C111394}.Release|iPhoneSimulator.Build.0 = Release|Any CPU
		{62A2143D-1D65-4B58-8E3F-7EF70C111394}.Release|x64.ActiveCfg = Release|Any CPU
		{62A2143D-1D65-4B58-8E3F-7EF70C111394}.Release|x64.Build.0 = Release|Any CPU
		{62A2143D-1D65-4B58-8E3F-7EF70C111394}.Release|x86.ActiveCfg = Release|Any CPU
		{62A2143D-1D65-4B58-8E3F-7EF70C111394}.Release|x86.Build.0 = Release|Any CPU
		{7C6E5CF1-46D6-468E-9981-C82F9BC07423}.Ad-Hoc|Any CPU.ActiveCfg = Debug|Any CPU
		{7C6E5CF1-46D6-468E-9981-C82F9BC07423}.Ad-Hoc|Any CPU.Build.0 = Debug|Any CPU
		{7C6E5CF1-46D6-468E-9981-C82F9BC07423}.Ad-Hoc|ARM.ActiveCfg = Debug|Any CPU
		{7C6E5CF1-46D6-468E-9981-C82F9BC07423}.Ad-Hoc|ARM.Build.0 = Debug|Any CPU
		{7C6E5CF1-46D6-468E-9981-C82F9BC07423}.Ad-Hoc|iPhone.ActiveCfg = Debug|Any CPU
		{7C6E5CF1-46D6-468E-9981-C82F9BC07423}.Ad-Hoc|iPhone.Build.0 = Debug|Any CPU
		{7C6E5CF1-46D6-468E-9981-C82F9BC07423}.Ad-Hoc|iPhoneSimulator.ActiveCfg = Debug|Any CPU
		{7C6E5CF1-46D6-468E-9981-C82F9BC07423}.Ad-Hoc|iPhoneSimulator.Build.0 = Debug|Any CPU
		{7C6E5CF1-46D6-468E-9981-C82F9BC07423}.Ad-Hoc|x64.ActiveCfg = Debug|Any CPU
		{7C6E5CF1-46D6-468E-9981-C82F9BC07423}.Ad-Hoc|x64.Build.0 = Debug|Any CPU
		{7C6E5CF1-46D6-468E-9981-C82F9BC07423}.Ad-Hoc|x86.ActiveCfg = Debug|Any CPU
		{7C6E5CF1-46D6-468E-9981-C82F9BC07423}.Ad-Hoc|x86.Build.0 = Debug|Any CPU
		{7C6E5CF1-46D6-468E-9981-C82F9BC07423}.AppStore|Any CPU.ActiveCfg = Debug|Any CPU
		{7C6E5CF1-46D6-468E-9981-C82F9BC07423}.AppStore|Any CPU.Build.0 = Debug|Any CPU
		{7C6E5CF1-46D6-468E-9981-C82F9BC07423}.AppStore|ARM.ActiveCfg = Debug|Any CPU
		{7C6E5CF1-46D6-468E-9981-C82F9BC07423}.AppStore|ARM.Build.0 = Debug|Any CPU
		{7C6E5CF1-46D6-468E-9981-C82F9BC07423}.AppStore|iPhone.ActiveCfg = Debug|Any CPU
		{7C6E5CF1-46D6-468E-9981-C82F9BC07423}.AppStore|iPhone.Build.0 = Debug|Any CPU
		{7C6E5CF1-46D6-468E-9981-C82F9BC07423}.AppStore|iPhoneSimulator.ActiveCfg = Debug|Any CPU
		{7C6E5CF1-46D6-468E-9981-C82F9BC07423}.AppStore|iPhoneSimulator.Build.0 = Debug|Any CPU
		{7C6E5CF1-46D6-468E-9981-C82F9BC07423}.AppStore|x64.ActiveCfg = Debug|Any CPU
		{7C6E5CF1-46D6-468E-9981-C82F9BC07423}.AppStore|x64.Build.0 = Debug|Any CPU
		{7C6E5CF1-46D6-468E-9981-C82F9BC07423}.AppStore|x86.ActiveCfg = Debug|Any CPU
		{7C6E5CF1-46D6-468E-9981-C82F9BC07423}.AppStore|x86.Build.0 = Debug|Any CPU
		{7C6E5CF1-46D6-468E-9981-C82F9BC07423}.Debug|Any CPU.ActiveCfg = Debug|Any CPU
		{7C6E5CF1-46D6-468E-9981-C82F9BC07423}.Debug|Any CPU.Build.0 = Debug|Any CPU
		{7C6E5CF1-46D6-468E-9981-C82F9BC07423}.Debug|ARM.ActiveCfg = Debug|Any CPU
		{7C6E5CF1-46D6-468E-9981-C82F9BC07423}.Debug|ARM.Build.0 = Debug|Any CPU
		{7C6E5CF1-46D6-468E-9981-C82F9BC07423}.Debug|iPhone.ActiveCfg = Debug|Any CPU
		{7C6E5CF1-46D6-468E-9981-C82F9BC07423}.Debug|iPhone.Build.0 = Debug|Any CPU
		{7C6E5CF1-46D6-468E-9981-C82F9BC07423}.Debug|iPhoneSimulator.ActiveCfg = Debug|Any CPU
		{7C6E5CF1-46D6-468E-9981-C82F9BC07423}.Debug|iPhoneSimulator.Build.0 = Debug|Any CPU
		{7C6E5CF1-46D6-468E-9981-C82F9BC07423}.Debug|x64.ActiveCfg = Debug|Any CPU
		{7C6E5CF1-46D6-468E-9981-C82F9BC07423}.Debug|x64.Build.0 = Debug|Any CPU
		{7C6E5CF1-46D6-468E-9981-C82F9BC07423}.Debug|x86.ActiveCfg = Debug|Any CPU
		{7C6E5CF1-46D6-468E-9981-C82F9BC07423}.Debug|x86.Build.0 = Debug|Any CPU
		{7C6E5CF1-46D6-468E-9981-C82F9BC07423}.Release|Any CPU.ActiveCfg = Release|Any CPU
		{7C6E5CF1-46D6-468E-9981-C82F9BC07423}.Release|Any CPU.Build.0 = Release|Any CPU
		{7C6E5CF1-46D6-468E-9981-C82F9BC07423}.Release|ARM.ActiveCfg = Release|Any CPU
		{7C6E5CF1-46D6-468E-9981-C82F9BC07423}.Release|ARM.Build.0 = Release|Any CPU
		{7C6E5CF1-46D6-468E-9981-C82F9BC07423}.Release|iPhone.ActiveCfg = Release|Any CPU
		{7C6E5CF1-46D6-468E-9981-C82F9BC07423}.Release|iPhone.Build.0 = Release|Any CPU
		{7C6E5CF1-46D6-468E-9981-C82F9BC07423}.Release|iPhoneSimulator.ActiveCfg = Release|Any CPU
		{7C6E5CF1-46D6-468E-9981-C82F9BC07423}.Release|iPhoneSimulator.Build.0 = Release|Any CPU
		{7C6E5CF1-46D6-468E-9981-C82F9BC07423}.Release|x64.ActiveCfg = Release|Any CPU
		{7C6E5CF1-46D6-468E-9981-C82F9BC07423}.Release|x64.Build.0 = Release|Any CPU
		{7C6E5CF1-46D6-468E-9981-C82F9BC07423}.Release|x86.ActiveCfg = Release|Any CPU
		{7C6E5CF1-46D6-468E-9981-C82F9BC07423}.Release|x86.Build.0 = Release|Any CPU
		{280C16B4-FB91-4FCE-9BAA-463EC5305A05}.Ad-Hoc|Any CPU.ActiveCfg = Debug|Any CPU
		{280C16B4-FB91-4FCE-9BAA-463EC5305A05}.Ad-Hoc|Any CPU.Build.0 = Debug|Any CPU
		{280C16B4-FB91-4FCE-9BAA-463EC5305A05}.Ad-Hoc|ARM.ActiveCfg = Debug|Any CPU
		{280C16B4-FB91-4FCE-9BAA-463EC5305A05}.Ad-Hoc|ARM.Build.0 = Debug|Any CPU
		{280C16B4-FB91-4FCE-9BAA-463EC5305A05}.Ad-Hoc|iPhone.ActiveCfg = Debug|Any CPU
		{280C16B4-FB91-4FCE-9BAA-463EC5305A05}.Ad-Hoc|iPhone.Build.0 = Debug|Any CPU
		{280C16B4-FB91-4FCE-9BAA-463EC5305A05}.Ad-Hoc|iPhoneSimulator.ActiveCfg = Debug|Any CPU
		{280C16B4-FB91-4FCE-9BAA-463EC5305A05}.Ad-Hoc|iPhoneSimulator.Build.0 = Debug|Any CPU
		{280C16B4-FB91-4FCE-9BAA-463EC5305A05}.Ad-Hoc|x64.ActiveCfg = Debug|Any CPU
		{280C16B4-FB91-4FCE-9BAA-463EC5305A05}.Ad-Hoc|x64.Build.0 = Debug|Any CPU
		{280C16B4-FB91-4FCE-9BAA-463EC5305A05}.Ad-Hoc|x86.ActiveCfg = Debug|Any CPU
		{280C16B4-FB91-4FCE-9BAA-463EC5305A05}.Ad-Hoc|x86.Build.0 = Debug|Any CPU
		{280C16B4-FB91-4FCE-9BAA-463EC5305A05}.AppStore|Any CPU.ActiveCfg = Debug|Any CPU
		{280C16B4-FB91-4FCE-9BAA-463EC5305A05}.AppStore|Any CPU.Build.0 = Debug|Any CPU
		{280C16B4-FB91-4FCE-9BAA-463EC5305A05}.AppStore|ARM.ActiveCfg = Debug|Any CPU
		{280C16B4-FB91-4FCE-9BAA-463EC5305A05}.AppStore|ARM.Build.0 = Debug|Any CPU
		{280C16B4-FB91-4FCE-9BAA-463EC5305A05}.AppStore|iPhone.ActiveCfg = Debug|Any CPU
		{280C16B4-FB91-4FCE-9BAA-463EC5305A05}.AppStore|iPhone.Build.0 = Debug|Any CPU
		{280C16B4-FB91-4FCE-9BAA-463EC5305A05}.AppStore|iPhoneSimulator.ActiveCfg = Debug|Any CPU
		{280C16B4-FB91-4FCE-9BAA-463EC5305A05}.AppStore|iPhoneSimulator.Build.0 = Debug|Any CPU
		{280C16B4-FB91-4FCE-9BAA-463EC5305A05}.AppStore|x64.ActiveCfg = Debug|Any CPU
		{280C16B4-FB91-4FCE-9BAA-463EC5305A05}.AppStore|x64.Build.0 = Debug|Any CPU
		{280C16B4-FB91-4FCE-9BAA-463EC5305A05}.AppStore|x86.ActiveCfg = Debug|Any CPU
		{280C16B4-FB91-4FCE-9BAA-463EC5305A05}.AppStore|x86.Build.0 = Debug|Any CPU
		{280C16B4-FB91-4FCE-9BAA-463EC5305A05}.Debug|Any CPU.ActiveCfg = Debug|Any CPU
		{280C16B4-FB91-4FCE-9BAA-463EC5305A05}.Debug|Any CPU.Build.0 = Debug|Any CPU
		{280C16B4-FB91-4FCE-9BAA-463EC5305A05}.Debug|ARM.ActiveCfg = Debug|Any CPU
		{280C16B4-FB91-4FCE-9BAA-463EC5305A05}.Debug|ARM.Build.0 = Debug|Any CPU
		{280C16B4-FB91-4FCE-9BAA-463EC5305A05}.Debug|iPhone.ActiveCfg = Debug|Any CPU
		{280C16B4-FB91-4FCE-9BAA-463EC5305A05}.Debug|iPhone.Build.0 = Debug|Any CPU
		{280C16B4-FB91-4FCE-9BAA-463EC5305A05}.Debug|iPhoneSimulator.ActiveCfg = Debug|Any CPU
		{280C16B4-FB91-4FCE-9BAA-463EC5305A05}.Debug|iPhoneSimulator.Build.0 = Debug|Any CPU
		{280C16B4-FB91-4FCE-9BAA-463EC5305A05}.Debug|x64.ActiveCfg = Debug|Any CPU
		{280C16B4-FB91-4FCE-9BAA-463EC5305A05}.Debug|x64.Build.0 = Debug|Any CPU
		{280C16B4-FB91-4FCE-9BAA-463EC5305A05}.Debug|x86.ActiveCfg = Debug|Any CPU
		{280C16B4-FB91-4FCE-9BAA-463EC5305A05}.Debug|x86.Build.0 = Debug|Any CPU
		{280C16B4-FB91-4FCE-9BAA-463EC5305A05}.Release|Any CPU.ActiveCfg = Release|Any CPU
		{280C16B4-FB91-4FCE-9BAA-463EC5305A05}.Release|Any CPU.Build.0 = Release|Any CPU
		{280C16B4-FB91-4FCE-9BAA-463EC5305A05}.Release|ARM.ActiveCfg = Release|Any CPU
		{280C16B4-FB91-4FCE-9BAA-463EC5305A05}.Release|ARM.Build.0 = Release|Any CPU
		{280C16B4-FB91-4FCE-9BAA-463EC5305A05}.Release|iPhone.ActiveCfg = Release|Any CPU
		{280C16B4-FB91-4FCE-9BAA-463EC5305A05}.Release|iPhone.Build.0 = Release|Any CPU
		{280C16B4-FB91-4FCE-9BAA-463EC5305A05}.Release|iPhoneSimulator.ActiveCfg = Release|Any CPU
		{280C16B4-FB91-4FCE-9BAA-463EC5305A05}.Release|iPhoneSimulator.Build.0 = Release|Any CPU
		{280C16B4-FB91-4FCE-9BAA-463EC5305A05}.Release|x64.ActiveCfg = Release|Any CPU
		{280C16B4-FB91-4FCE-9BAA-463EC5305A05}.Release|x64.Build.0 = Release|Any CPU
		{280C16B4-FB91-4FCE-9BAA-463EC5305A05}.Release|x86.ActiveCfg = Release|Any CPU
		{280C16B4-FB91-4FCE-9BAA-463EC5305A05}.Release|x86.Build.0 = Release|Any CPU
		{6664FB84-86D2-420A-B888-356AC9B7CBEC}.Ad-Hoc|Any CPU.ActiveCfg = Release|Any CPU
		{6664FB84-86D2-420A-B888-356AC9B7CBEC}.Ad-Hoc|Any CPU.Build.0 = Release|Any CPU
		{6664FB84-86D2-420A-B888-356AC9B7CBEC}.Ad-Hoc|Any CPU.Deploy.0 = Release|Any CPU
		{6664FB84-86D2-420A-B888-356AC9B7CBEC}.Ad-Hoc|ARM.ActiveCfg = Release|Any CPU
		{6664FB84-86D2-420A-B888-356AC9B7CBEC}.Ad-Hoc|ARM.Build.0 = Release|Any CPU
		{6664FB84-86D2-420A-B888-356AC9B7CBEC}.Ad-Hoc|ARM.Deploy.0 = Release|Any CPU
		{6664FB84-86D2-420A-B888-356AC9B7CBEC}.Ad-Hoc|iPhone.ActiveCfg = Release|Any CPU
		{6664FB84-86D2-420A-B888-356AC9B7CBEC}.Ad-Hoc|iPhone.Build.0 = Release|Any CPU
		{6664FB84-86D2-420A-B888-356AC9B7CBEC}.Ad-Hoc|iPhone.Deploy.0 = Release|Any CPU
		{6664FB84-86D2-420A-B888-356AC9B7CBEC}.Ad-Hoc|iPhoneSimulator.ActiveCfg = Release|Any CPU
		{6664FB84-86D2-420A-B888-356AC9B7CBEC}.Ad-Hoc|iPhoneSimulator.Build.0 = Release|Any CPU
		{6664FB84-86D2-420A-B888-356AC9B7CBEC}.Ad-Hoc|iPhoneSimulator.Deploy.0 = Release|Any CPU
		{6664FB84-86D2-420A-B888-356AC9B7CBEC}.Ad-Hoc|x64.ActiveCfg = Release|Any CPU
		{6664FB84-86D2-420A-B888-356AC9B7CBEC}.Ad-Hoc|x64.Build.0 = Release|Any CPU
		{6664FB84-86D2-420A-B888-356AC9B7CBEC}.Ad-Hoc|x64.Deploy.0 = Release|Any CPU
		{6664FB84-86D2-420A-B888-356AC9B7CBEC}.Ad-Hoc|x86.ActiveCfg = Release|Any CPU
		{6664FB84-86D2-420A-B888-356AC9B7CBEC}.Ad-Hoc|x86.Build.0 = Release|Any CPU
		{6664FB84-86D2-420A-B888-356AC9B7CBEC}.Ad-Hoc|x86.Deploy.0 = Release|Any CPU
		{6664FB84-86D2-420A-B888-356AC9B7CBEC}.AppStore|Any CPU.ActiveCfg = Release|Any CPU
		{6664FB84-86D2-420A-B888-356AC9B7CBEC}.AppStore|Any CPU.Build.0 = Release|Any CPU
		{6664FB84-86D2-420A-B888-356AC9B7CBEC}.AppStore|Any CPU.Deploy.0 = Release|Any CPU
		{6664FB84-86D2-420A-B888-356AC9B7CBEC}.AppStore|ARM.ActiveCfg = Release|Any CPU
		{6664FB84-86D2-420A-B888-356AC9B7CBEC}.AppStore|ARM.Build.0 = Release|Any CPU
		{6664FB84-86D2-420A-B888-356AC9B7CBEC}.AppStore|ARM.Deploy.0 = Release|Any CPU
		{6664FB84-86D2-420A-B888-356AC9B7CBEC}.AppStore|iPhone.ActiveCfg = Release|Any CPU
		{6664FB84-86D2-420A-B888-356AC9B7CBEC}.AppStore|iPhone.Build.0 = Release|Any CPU
		{6664FB84-86D2-420A-B888-356AC9B7CBEC}.AppStore|iPhone.Deploy.0 = Release|Any CPU
		{6664FB84-86D2-420A-B888-356AC9B7CBEC}.AppStore|iPhoneSimulator.ActiveCfg = Release|Any CPU
		{6664FB84-86D2-420A-B888-356AC9B7CBEC}.AppStore|iPhoneSimulator.Build.0 = Release|Any CPU
		{6664FB84-86D2-420A-B888-356AC9B7CBEC}.AppStore|iPhoneSimulator.Deploy.0 = Release|Any CPU
		{6664FB84-86D2-420A-B888-356AC9B7CBEC}.AppStore|x64.ActiveCfg = Release|Any CPU
		{6664FB84-86D2-420A-B888-356AC9B7CBEC}.AppStore|x64.Build.0 = Release|Any CPU
		{6664FB84-86D2-420A-B888-356AC9B7CBEC}.AppStore|x64.Deploy.0 = Release|Any CPU
		{6664FB84-86D2-420A-B888-356AC9B7CBEC}.AppStore|x86.ActiveCfg = Release|Any CPU
		{6664FB84-86D2-420A-B888-356AC9B7CBEC}.AppStore|x86.Build.0 = Release|Any CPU
		{6664FB84-86D2-420A-B888-356AC9B7CBEC}.AppStore|x86.Deploy.0 = Release|Any CPU
		{6664FB84-86D2-420A-B888-356AC9B7CBEC}.Debug|Any CPU.ActiveCfg = Debug|Any CPU
		{6664FB84-86D2-420A-B888-356AC9B7CBEC}.Debug|Any CPU.Build.0 = Debug|Any CPU
		{6664FB84-86D2-420A-B888-356AC9B7CBEC}.Debug|Any CPU.Deploy.0 = Debug|Any CPU
		{6664FB84-86D2-420A-B888-356AC9B7CBEC}.Debug|ARM.ActiveCfg = Debug|Any CPU
		{6664FB84-86D2-420A-B888-356AC9B7CBEC}.Debug|ARM.Build.0 = Debug|Any CPU
		{6664FB84-86D2-420A-B888-356AC9B7CBEC}.Debug|ARM.Deploy.0 = Debug|Any CPU
		{6664FB84-86D2-420A-B888-356AC9B7CBEC}.Debug|iPhone.ActiveCfg = Debug|Any CPU
		{6664FB84-86D2-420A-B888-356AC9B7CBEC}.Debug|iPhone.Build.0 = Debug|Any CPU
		{6664FB84-86D2-420A-B888-356AC9B7CBEC}.Debug|iPhone.Deploy.0 = Debug|Any CPU
		{6664FB84-86D2-420A-B888-356AC9B7CBEC}.Debug|iPhoneSimulator.ActiveCfg = Debug|Any CPU
		{6664FB84-86D2-420A-B888-356AC9B7CBEC}.Debug|iPhoneSimulator.Build.0 = Debug|Any CPU
		{6664FB84-86D2-420A-B888-356AC9B7CBEC}.Debug|iPhoneSimulator.Deploy.0 = Debug|Any CPU
		{6664FB84-86D2-420A-B888-356AC9B7CBEC}.Debug|x64.ActiveCfg = Debug|Any CPU
		{6664FB84-86D2-420A-B888-356AC9B7CBEC}.Debug|x64.Build.0 = Debug|Any CPU
		{6664FB84-86D2-420A-B888-356AC9B7CBEC}.Debug|x64.Deploy.0 = Debug|Any CPU
		{6664FB84-86D2-420A-B888-356AC9B7CBEC}.Debug|x86.ActiveCfg = Debug|Any CPU
		{6664FB84-86D2-420A-B888-356AC9B7CBEC}.Debug|x86.Build.0 = Debug|Any CPU
		{6664FB84-86D2-420A-B888-356AC9B7CBEC}.Debug|x86.Deploy.0 = Debug|Any CPU
		{6664FB84-86D2-420A-B888-356AC9B7CBEC}.Release|Any CPU.ActiveCfg = Release|Any CPU
		{6664FB84-86D2-420A-B888-356AC9B7CBEC}.Release|Any CPU.Build.0 = Release|Any CPU
		{6664FB84-86D2-420A-B888-356AC9B7CBEC}.Release|Any CPU.Deploy.0 = Release|Any CPU
		{6664FB84-86D2-420A-B888-356AC9B7CBEC}.Release|ARM.ActiveCfg = Release|Any CPU
		{6664FB84-86D2-420A-B888-356AC9B7CBEC}.Release|ARM.Build.0 = Release|Any CPU
		{6664FB84-86D2-420A-B888-356AC9B7CBEC}.Release|ARM.Deploy.0 = Release|Any CPU
		{6664FB84-86D2-420A-B888-356AC9B7CBEC}.Release|iPhone.ActiveCfg = Release|Any CPU
		{6664FB84-86D2-420A-B888-356AC9B7CBEC}.Release|iPhone.Build.0 = Release|Any CPU
		{6664FB84-86D2-420A-B888-356AC9B7CBEC}.Release|iPhone.Deploy.0 = Release|Any CPU
		{6664FB84-86D2-420A-B888-356AC9B7CBEC}.Release|iPhoneSimulator.ActiveCfg = Release|Any CPU
		{6664FB84-86D2-420A-B888-356AC9B7CBEC}.Release|iPhoneSimulator.Build.0 = Release|Any CPU
		{6664FB84-86D2-420A-B888-356AC9B7CBEC}.Release|iPhoneSimulator.Deploy.0 = Release|Any CPU
		{6664FB84-86D2-420A-B888-356AC9B7CBEC}.Release|x64.ActiveCfg = Release|Any CPU
		{6664FB84-86D2-420A-B888-356AC9B7CBEC}.Release|x64.Build.0 = Release|Any CPU
		{6664FB84-86D2-420A-B888-356AC9B7CBEC}.Release|x64.Deploy.0 = Release|Any CPU
		{6664FB84-86D2-420A-B888-356AC9B7CBEC}.Release|x86.ActiveCfg = Release|Any CPU
		{6664FB84-86D2-420A-B888-356AC9B7CBEC}.Release|x86.Build.0 = Release|Any CPU
		{6664FB84-86D2-420A-B888-356AC9B7CBEC}.Release|x86.Deploy.0 = Release|Any CPU
		{25671DEB-5FE3-4396-8598-FE6919064A93}.Ad-Hoc|Any CPU.ActiveCfg = Ad-Hoc|iPhone
		{25671DEB-5FE3-4396-8598-FE6919064A93}.Ad-Hoc|ARM.ActiveCfg = Ad-Hoc|iPhone
		{25671DEB-5FE3-4396-8598-FE6919064A93}.Ad-Hoc|iPhone.ActiveCfg = Ad-Hoc|iPhone
		{25671DEB-5FE3-4396-8598-FE6919064A93}.Ad-Hoc|iPhone.Build.0 = Ad-Hoc|iPhone
		{25671DEB-5FE3-4396-8598-FE6919064A93}.Ad-Hoc|iPhoneSimulator.ActiveCfg = Ad-Hoc|iPhoneSimulator
		{25671DEB-5FE3-4396-8598-FE6919064A93}.Ad-Hoc|iPhoneSimulator.Build.0 = Ad-Hoc|iPhoneSimulator
		{25671DEB-5FE3-4396-8598-FE6919064A93}.Ad-Hoc|x64.ActiveCfg = Ad-Hoc|iPhone
		{25671DEB-5FE3-4396-8598-FE6919064A93}.Ad-Hoc|x86.ActiveCfg = Ad-Hoc|iPhone
		{25671DEB-5FE3-4396-8598-FE6919064A93}.AppStore|Any CPU.ActiveCfg = AppStore|iPhone
		{25671DEB-5FE3-4396-8598-FE6919064A93}.AppStore|ARM.ActiveCfg = AppStore|iPhone
		{25671DEB-5FE3-4396-8598-FE6919064A93}.AppStore|iPhone.ActiveCfg = AppStore|iPhone
		{25671DEB-5FE3-4396-8598-FE6919064A93}.AppStore|iPhone.Build.0 = AppStore|iPhone
		{25671DEB-5FE3-4396-8598-FE6919064A93}.AppStore|iPhoneSimulator.ActiveCfg = AppStore|iPhoneSimulator
		{25671DEB-5FE3-4396-8598-FE6919064A93}.AppStore|iPhoneSimulator.Build.0 = AppStore|iPhoneSimulator
		{25671DEB-5FE3-4396-8598-FE6919064A93}.AppStore|x64.ActiveCfg = AppStore|iPhone
		{25671DEB-5FE3-4396-8598-FE6919064A93}.AppStore|x86.ActiveCfg = AppStore|iPhone
		{25671DEB-5FE3-4396-8598-FE6919064A93}.Debug|Any CPU.ActiveCfg = Debug|iPhone
		{25671DEB-5FE3-4396-8598-FE6919064A93}.Debug|ARM.ActiveCfg = Debug|iPhone
		{25671DEB-5FE3-4396-8598-FE6919064A93}.Debug|iPhone.ActiveCfg = Debug|iPhone
		{25671DEB-5FE3-4396-8598-FE6919064A93}.Debug|iPhone.Build.0 = Debug|iPhone
		{25671DEB-5FE3-4396-8598-FE6919064A93}.Debug|iPhoneSimulator.ActiveCfg = Debug|iPhoneSimulator
		{25671DEB-5FE3-4396-8598-FE6919064A93}.Debug|iPhoneSimulator.Build.0 = Debug|iPhoneSimulator
		{25671DEB-5FE3-4396-8598-FE6919064A93}.Debug|x64.ActiveCfg = Debug|iPhone
		{25671DEB-5FE3-4396-8598-FE6919064A93}.Debug|x86.ActiveCfg = Debug|iPhone
		{25671DEB-5FE3-4396-8598-FE6919064A93}.Release|Any CPU.ActiveCfg = Release|iPhone
		{25671DEB-5FE3-4396-8598-FE6919064A93}.Release|ARM.ActiveCfg = Release|iPhone
		{25671DEB-5FE3-4396-8598-FE6919064A93}.Release|iPhone.ActiveCfg = Release|iPhone
		{25671DEB-5FE3-4396-8598-FE6919064A93}.Release|iPhone.Build.0 = Release|iPhone
		{25671DEB-5FE3-4396-8598-FE6919064A93}.Release|iPhoneSimulator.ActiveCfg = Release|iPhoneSimulator
		{25671DEB-5FE3-4396-8598-FE6919064A93}.Release|iPhoneSimulator.Build.0 = Release|iPhoneSimulator
		{25671DEB-5FE3-4396-8598-FE6919064A93}.Release|x64.ActiveCfg = Release|iPhone
		{25671DEB-5FE3-4396-8598-FE6919064A93}.Release|x86.ActiveCfg = Release|iPhone
		{331FA6ED-75B4-4320-8315-9BA8F45C9143}.Ad-Hoc|Any CPU.ActiveCfg = Debug|Any CPU
		{331FA6ED-75B4-4320-8315-9BA8F45C9143}.Ad-Hoc|Any CPU.Build.0 = Debug|Any CPU
		{331FA6ED-75B4-4320-8315-9BA8F45C9143}.Ad-Hoc|ARM.ActiveCfg = Debug|Any CPU
		{331FA6ED-75B4-4320-8315-9BA8F45C9143}.Ad-Hoc|ARM.Build.0 = Debug|Any CPU
		{331FA6ED-75B4-4320-8315-9BA8F45C9143}.Ad-Hoc|iPhone.ActiveCfg = Debug|Any CPU
		{331FA6ED-75B4-4320-8315-9BA8F45C9143}.Ad-Hoc|iPhone.Build.0 = Debug|Any CPU
		{331FA6ED-75B4-4320-8315-9BA8F45C9143}.Ad-Hoc|iPhoneSimulator.ActiveCfg = Debug|Any CPU
		{331FA6ED-75B4-4320-8315-9BA8F45C9143}.Ad-Hoc|iPhoneSimulator.Build.0 = Debug|Any CPU
		{331FA6ED-75B4-4320-8315-9BA8F45C9143}.Ad-Hoc|x64.ActiveCfg = Debug|Any CPU
		{331FA6ED-75B4-4320-8315-9BA8F45C9143}.Ad-Hoc|x64.Build.0 = Debug|Any CPU
		{331FA6ED-75B4-4320-8315-9BA8F45C9143}.Ad-Hoc|x86.ActiveCfg = Debug|Any CPU
		{331FA6ED-75B4-4320-8315-9BA8F45C9143}.Ad-Hoc|x86.Build.0 = Debug|Any CPU
		{331FA6ED-75B4-4320-8315-9BA8F45C9143}.AppStore|Any CPU.ActiveCfg = Debug|Any CPU
		{331FA6ED-75B4-4320-8315-9BA8F45C9143}.AppStore|Any CPU.Build.0 = Debug|Any CPU
		{331FA6ED-75B4-4320-8315-9BA8F45C9143}.AppStore|ARM.ActiveCfg = Debug|Any CPU
		{331FA6ED-75B4-4320-8315-9BA8F45C9143}.AppStore|ARM.Build.0 = Debug|Any CPU
		{331FA6ED-75B4-4320-8315-9BA8F45C9143}.AppStore|iPhone.ActiveCfg = Debug|Any CPU
		{331FA6ED-75B4-4320-8315-9BA8F45C9143}.AppStore|iPhone.Build.0 = Debug|Any CPU
		{331FA6ED-75B4-4320-8315-9BA8F45C9143}.AppStore|iPhoneSimulator.ActiveCfg = Debug|Any CPU
		{331FA6ED-75B4-4320-8315-9BA8F45C9143}.AppStore|iPhoneSimulator.Build.0 = Debug|Any CPU
		{331FA6ED-75B4-4320-8315-9BA8F45C9143}.AppStore|x64.ActiveCfg = Debug|Any CPU
		{331FA6ED-75B4-4320-8315-9BA8F45C9143}.AppStore|x64.Build.0 = Debug|Any CPU
		{331FA6ED-75B4-4320-8315-9BA8F45C9143}.AppStore|x86.ActiveCfg = Debug|Any CPU
		{331FA6ED-75B4-4320-8315-9BA8F45C9143}.AppStore|x86.Build.0 = Debug|Any CPU
		{331FA6ED-75B4-4320-8315-9BA8F45C9143}.Debug|Any CPU.ActiveCfg = Debug|Any CPU
		{331FA6ED-75B4-4320-8315-9BA8F45C9143}.Debug|Any CPU.Build.0 = Debug|Any CPU
		{331FA6ED-75B4-4320-8315-9BA8F45C9143}.Debug|ARM.ActiveCfg = Debug|Any CPU
		{331FA6ED-75B4-4320-8315-9BA8F45C9143}.Debug|ARM.Build.0 = Debug|Any CPU
		{331FA6ED-75B4-4320-8315-9BA8F45C9143}.Debug|iPhone.ActiveCfg = Debug|Any CPU
		{331FA6ED-75B4-4320-8315-9BA8F45C9143}.Debug|iPhone.Build.0 = Debug|Any CPU
		{331FA6ED-75B4-4320-8315-9BA8F45C9143}.Debug|iPhoneSimulator.ActiveCfg = Debug|Any CPU
		{331FA6ED-75B4-4320-8315-9BA8F45C9143}.Debug|iPhoneSimulator.Build.0 = Debug|Any CPU
		{331FA6ED-75B4-4320-8315-9BA8F45C9143}.Debug|x64.ActiveCfg = Debug|Any CPU
		{331FA6ED-75B4-4320-8315-9BA8F45C9143}.Debug|x64.Build.0 = Debug|Any CPU
		{331FA6ED-75B4-4320-8315-9BA8F45C9143}.Debug|x86.ActiveCfg = Debug|Any CPU
		{331FA6ED-75B4-4320-8315-9BA8F45C9143}.Debug|x86.Build.0 = Debug|Any CPU
		{331FA6ED-75B4-4320-8315-9BA8F45C9143}.Release|Any CPU.ActiveCfg = Release|Any CPU
		{331FA6ED-75B4-4320-8315-9BA8F45C9143}.Release|Any CPU.Build.0 = Release|Any CPU
		{331FA6ED-75B4-4320-8315-9BA8F45C9143}.Release|ARM.ActiveCfg = Release|Any CPU
		{331FA6ED-75B4-4320-8315-9BA8F45C9143}.Release|ARM.Build.0 = Release|Any CPU
		{331FA6ED-75B4-4320-8315-9BA8F45C9143}.Release|iPhone.ActiveCfg = Release|Any CPU
		{331FA6ED-75B4-4320-8315-9BA8F45C9143}.Release|iPhone.Build.0 = Release|Any CPU
		{331FA6ED-75B4-4320-8315-9BA8F45C9143}.Release|iPhoneSimulator.ActiveCfg = Release|Any CPU
		{331FA6ED-75B4-4320-8315-9BA8F45C9143}.Release|iPhoneSimulator.Build.0 = Release|Any CPU
		{331FA6ED-75B4-4320-8315-9BA8F45C9143}.Release|x64.ActiveCfg = Release|Any CPU
		{331FA6ED-75B4-4320-8315-9BA8F45C9143}.Release|x64.Build.0 = Release|Any CPU
		{331FA6ED-75B4-4320-8315-9BA8F45C9143}.Release|x86.ActiveCfg = Release|Any CPU
		{331FA6ED-75B4-4320-8315-9BA8F45C9143}.Release|x86.Build.0 = Release|Any CPU
		{036C5DBE-7DD3-4B37-B205-FA9054AD8C9C}.Ad-Hoc|Any CPU.ActiveCfg = Release|x86
		{036C5DBE-7DD3-4B37-B205-FA9054AD8C9C}.Ad-Hoc|Any CPU.Build.0 = Release|x86
		{036C5DBE-7DD3-4B37-B205-FA9054AD8C9C}.Ad-Hoc|Any CPU.Deploy.0 = Release|x86
		{036C5DBE-7DD3-4B37-B205-FA9054AD8C9C}.Ad-Hoc|ARM.ActiveCfg = Release|ARM
		{036C5DBE-7DD3-4B37-B205-FA9054AD8C9C}.Ad-Hoc|ARM.Build.0 = Release|ARM
		{036C5DBE-7DD3-4B37-B205-FA9054AD8C9C}.Ad-Hoc|ARM.Deploy.0 = Release|ARM
		{036C5DBE-7DD3-4B37-B205-FA9054AD8C9C}.Ad-Hoc|iPhone.ActiveCfg = Release|x86
		{036C5DBE-7DD3-4B37-B205-FA9054AD8C9C}.Ad-Hoc|iPhone.Build.0 = Release|x86
		{036C5DBE-7DD3-4B37-B205-FA9054AD8C9C}.Ad-Hoc|iPhone.Deploy.0 = Release|x86
		{036C5DBE-7DD3-4B37-B205-FA9054AD8C9C}.Ad-Hoc|iPhoneSimulator.ActiveCfg = Release|x86
		{036C5DBE-7DD3-4B37-B205-FA9054AD8C9C}.Ad-Hoc|iPhoneSimulator.Build.0 = Release|x86
		{036C5DBE-7DD3-4B37-B205-FA9054AD8C9C}.Ad-Hoc|iPhoneSimulator.Deploy.0 = Release|x86
		{036C5DBE-7DD3-4B37-B205-FA9054AD8C9C}.Ad-Hoc|x64.ActiveCfg = Release|x64
		{036C5DBE-7DD3-4B37-B205-FA9054AD8C9C}.Ad-Hoc|x64.Build.0 = Release|x64
		{036C5DBE-7DD3-4B37-B205-FA9054AD8C9C}.Ad-Hoc|x64.Deploy.0 = Release|x64
		{036C5DBE-7DD3-4B37-B205-FA9054AD8C9C}.Ad-Hoc|x86.ActiveCfg = Release|x86
		{036C5DBE-7DD3-4B37-B205-FA9054AD8C9C}.Ad-Hoc|x86.Build.0 = Release|x86
		{036C5DBE-7DD3-4B37-B205-FA9054AD8C9C}.Ad-Hoc|x86.Deploy.0 = Release|x86
		{036C5DBE-7DD3-4B37-B205-FA9054AD8C9C}.AppStore|Any CPU.ActiveCfg = Release|x86
		{036C5DBE-7DD3-4B37-B205-FA9054AD8C9C}.AppStore|Any CPU.Build.0 = Release|x86
		{036C5DBE-7DD3-4B37-B205-FA9054AD8C9C}.AppStore|Any CPU.Deploy.0 = Release|x86
		{036C5DBE-7DD3-4B37-B205-FA9054AD8C9C}.AppStore|ARM.ActiveCfg = Release|ARM
		{036C5DBE-7DD3-4B37-B205-FA9054AD8C9C}.AppStore|ARM.Build.0 = Release|ARM
		{036C5DBE-7DD3-4B37-B205-FA9054AD8C9C}.AppStore|ARM.Deploy.0 = Release|ARM
		{036C5DBE-7DD3-4B37-B205-FA9054AD8C9C}.AppStore|iPhone.ActiveCfg = Release|x86
		{036C5DBE-7DD3-4B37-B205-FA9054AD8C9C}.AppStore|iPhone.Build.0 = Release|x86
		{036C5DBE-7DD3-4B37-B205-FA9054AD8C9C}.AppStore|iPhone.Deploy.0 = Release|x86
		{036C5DBE-7DD3-4B37-B205-FA9054AD8C9C}.AppStore|iPhoneSimulator.ActiveCfg = Release|x86
		{036C5DBE-7DD3-4B37-B205-FA9054AD8C9C}.AppStore|iPhoneSimulator.Build.0 = Release|x86
		{036C5DBE-7DD3-4B37-B205-FA9054AD8C9C}.AppStore|iPhoneSimulator.Deploy.0 = Release|x86
		{036C5DBE-7DD3-4B37-B205-FA9054AD8C9C}.AppStore|x64.ActiveCfg = Release|x64
		{036C5DBE-7DD3-4B37-B205-FA9054AD8C9C}.AppStore|x64.Build.0 = Release|x64
		{036C5DBE-7DD3-4B37-B205-FA9054AD8C9C}.AppStore|x64.Deploy.0 = Release|x64
		{036C5DBE-7DD3-4B37-B205-FA9054AD8C9C}.AppStore|x86.ActiveCfg = Release|x86
		{036C5DBE-7DD3-4B37-B205-FA9054AD8C9C}.AppStore|x86.Build.0 = Release|x86
		{036C5DBE-7DD3-4B37-B205-FA9054AD8C9C}.AppStore|x86.Deploy.0 = Release|x86
		{036C5DBE-7DD3-4B37-B205-FA9054AD8C9C}.Debug|Any CPU.ActiveCfg = Debug|x86
		{036C5DBE-7DD3-4B37-B205-FA9054AD8C9C}.Debug|ARM.ActiveCfg = Debug|ARM
		{036C5DBE-7DD3-4B37-B205-FA9054AD8C9C}.Debug|ARM.Build.0 = Debug|ARM
		{036C5DBE-7DD3-4B37-B205-FA9054AD8C9C}.Debug|ARM.Deploy.0 = Debug|ARM
		{036C5DBE-7DD3-4B37-B205-FA9054AD8C9C}.Debug|iPhone.ActiveCfg = Debug|x86
		{036C5DBE-7DD3-4B37-B205-FA9054AD8C9C}.Debug|iPhoneSimulator.ActiveCfg = Debug|x86
		{036C5DBE-7DD3-4B37-B205-FA9054AD8C9C}.Debug|x64.ActiveCfg = Debug|x64
		{036C5DBE-7DD3-4B37-B205-FA9054AD8C9C}.Debug|x64.Build.0 = Debug|x64
		{036C5DBE-7DD3-4B37-B205-FA9054AD8C9C}.Debug|x64.Deploy.0 = Debug|x64
		{036C5DBE-7DD3-4B37-B205-FA9054AD8C9C}.Debug|x86.ActiveCfg = Debug|x86
		{036C5DBE-7DD3-4B37-B205-FA9054AD8C9C}.Debug|x86.Build.0 = Debug|x86
		{036C5DBE-7DD3-4B37-B205-FA9054AD8C9C}.Debug|x86.Deploy.0 = Debug|x86
		{036C5DBE-7DD3-4B37-B205-FA9054AD8C9C}.Release|Any CPU.ActiveCfg = Release|x86
		{036C5DBE-7DD3-4B37-B205-FA9054AD8C9C}.Release|ARM.ActiveCfg = Release|ARM
		{036C5DBE-7DD3-4B37-B205-FA9054AD8C9C}.Release|ARM.Build.0 = Release|ARM
		{036C5DBE-7DD3-4B37-B205-FA9054AD8C9C}.Release|ARM.Deploy.0 = Release|ARM
		{036C5DBE-7DD3-4B37-B205-FA9054AD8C9C}.Release|iPhone.ActiveCfg = Release|x86
		{036C5DBE-7DD3-4B37-B205-FA9054AD8C9C}.Release|iPhoneSimulator.ActiveCfg = Release|x86
		{036C5DBE-7DD3-4B37-B205-FA9054AD8C9C}.Release|x64.ActiveCfg = Release|x64
		{036C5DBE-7DD3-4B37-B205-FA9054AD8C9C}.Release|x64.Build.0 = Release|x64
		{036C5DBE-7DD3-4B37-B205-FA9054AD8C9C}.Release|x64.Deploy.0 = Release|x64
		{036C5DBE-7DD3-4B37-B205-FA9054AD8C9C}.Release|x86.ActiveCfg = Release|x86
		{036C5DBE-7DD3-4B37-B205-FA9054AD8C9C}.Release|x86.Build.0 = Release|x86
		{036C5DBE-7DD3-4B37-B205-FA9054AD8C9C}.Release|x86.Deploy.0 = Release|x86
		{DB59ADD0-CD8E-4B5D-82F5-6102BCCDD52C}.Ad-Hoc|Any CPU.ActiveCfg = Debug|Any CPU
		{DB59ADD0-CD8E-4B5D-82F5-6102BCCDD52C}.Ad-Hoc|Any CPU.Build.0 = Debug|Any CPU
		{DB59ADD0-CD8E-4B5D-82F5-6102BCCDD52C}.Ad-Hoc|ARM.ActiveCfg = Debug|Any CPU
		{DB59ADD0-CD8E-4B5D-82F5-6102BCCDD52C}.Ad-Hoc|ARM.Build.0 = Debug|Any CPU
		{DB59ADD0-CD8E-4B5D-82F5-6102BCCDD52C}.Ad-Hoc|iPhone.ActiveCfg = Debug|Any CPU
		{DB59ADD0-CD8E-4B5D-82F5-6102BCCDD52C}.Ad-Hoc|iPhone.Build.0 = Debug|Any CPU
		{DB59ADD0-CD8E-4B5D-82F5-6102BCCDD52C}.Ad-Hoc|iPhoneSimulator.ActiveCfg = Debug|Any CPU
		{DB59ADD0-CD8E-4B5D-82F5-6102BCCDD52C}.Ad-Hoc|iPhoneSimulator.Build.0 = Debug|Any CPU
		{DB59ADD0-CD8E-4B5D-82F5-6102BCCDD52C}.Ad-Hoc|x64.ActiveCfg = Debug|Any CPU
		{DB59ADD0-CD8E-4B5D-82F5-6102BCCDD52C}.Ad-Hoc|x64.Build.0 = Debug|Any CPU
		{DB59ADD0-CD8E-4B5D-82F5-6102BCCDD52C}.Ad-Hoc|x86.ActiveCfg = Debug|Any CPU
		{DB59ADD0-CD8E-4B5D-82F5-6102BCCDD52C}.Ad-Hoc|x86.Build.0 = Debug|Any CPU
		{DB59ADD0-CD8E-4B5D-82F5-6102BCCDD52C}.AppStore|Any CPU.ActiveCfg = Debug|Any CPU
		{DB59ADD0-CD8E-4B5D-82F5-6102BCCDD52C}.AppStore|Any CPU.Build.0 = Debug|Any CPU
		{DB59ADD0-CD8E-4B5D-82F5-6102BCCDD52C}.AppStore|ARM.ActiveCfg = Debug|Any CPU
		{DB59ADD0-CD8E-4B5D-82F5-6102BCCDD52C}.AppStore|ARM.Build.0 = Debug|Any CPU
		{DB59ADD0-CD8E-4B5D-82F5-6102BCCDD52C}.AppStore|iPhone.ActiveCfg = Debug|Any CPU
		{DB59ADD0-CD8E-4B5D-82F5-6102BCCDD52C}.AppStore|iPhone.Build.0 = Debug|Any CPU
		{DB59ADD0-CD8E-4B5D-82F5-6102BCCDD52C}.AppStore|iPhoneSimulator.ActiveCfg = Debug|Any CPU
		{DB59ADD0-CD8E-4B5D-82F5-6102BCCDD52C}.AppStore|iPhoneSimulator.Build.0 = Debug|Any CPU
		{DB59ADD0-CD8E-4B5D-82F5-6102BCCDD52C}.AppStore|x64.ActiveCfg = Debug|Any CPU
		{DB59ADD0-CD8E-4B5D-82F5-6102BCCDD52C}.AppStore|x64.Build.0 = Debug|Any CPU
		{DB59ADD0-CD8E-4B5D-82F5-6102BCCDD52C}.AppStore|x86.ActiveCfg = Debug|Any CPU
		{DB59ADD0-CD8E-4B5D-82F5-6102BCCDD52C}.AppStore|x86.Build.0 = Debug|Any CPU
		{DB59ADD0-CD8E-4B5D-82F5-6102BCCDD52C}.Debug|Any CPU.ActiveCfg = Debug|Any CPU
		{DB59ADD0-CD8E-4B5D-82F5-6102BCCDD52C}.Debug|Any CPU.Build.0 = Debug|Any CPU
		{DB59ADD0-CD8E-4B5D-82F5-6102BCCDD52C}.Debug|ARM.ActiveCfg = Debug|Any CPU
		{DB59ADD0-CD8E-4B5D-82F5-6102BCCDD52C}.Debug|ARM.Build.0 = Debug|Any CPU
		{DB59ADD0-CD8E-4B5D-82F5-6102BCCDD52C}.Debug|iPhone.ActiveCfg = Debug|Any CPU
		{DB59ADD0-CD8E-4B5D-82F5-6102BCCDD52C}.Debug|iPhone.Build.0 = Debug|Any CPU
		{DB59ADD0-CD8E-4B5D-82F5-6102BCCDD52C}.Debug|iPhoneSimulator.ActiveCfg = Debug|Any CPU
		{DB59ADD0-CD8E-4B5D-82F5-6102BCCDD52C}.Debug|iPhoneSimulator.Build.0 = Debug|Any CPU
		{DB59ADD0-CD8E-4B5D-82F5-6102BCCDD52C}.Debug|x64.ActiveCfg = Debug|Any CPU
		{DB59ADD0-CD8E-4B5D-82F5-6102BCCDD52C}.Debug|x64.Build.0 = Debug|Any CPU
		{DB59ADD0-CD8E-4B5D-82F5-6102BCCDD52C}.Debug|x86.ActiveCfg = Debug|Any CPU
		{DB59ADD0-CD8E-4B5D-82F5-6102BCCDD52C}.Debug|x86.Build.0 = Debug|Any CPU
		{DB59ADD0-CD8E-4B5D-82F5-6102BCCDD52C}.Release|Any CPU.ActiveCfg = Release|Any CPU
		{DB59ADD0-CD8E-4B5D-82F5-6102BCCDD52C}.Release|Any CPU.Build.0 = Release|Any CPU
		{DB59ADD0-CD8E-4B5D-82F5-6102BCCDD52C}.Release|ARM.ActiveCfg = Release|Any CPU
		{DB59ADD0-CD8E-4B5D-82F5-6102BCCDD52C}.Release|ARM.Build.0 = Release|Any CPU
		{DB59ADD0-CD8E-4B5D-82F5-6102BCCDD52C}.Release|iPhone.ActiveCfg = Release|Any CPU
		{DB59ADD0-CD8E-4B5D-82F5-6102BCCDD52C}.Release|iPhone.Build.0 = Release|Any CPU
		{DB59ADD0-CD8E-4B5D-82F5-6102BCCDD52C}.Release|iPhoneSimulator.ActiveCfg = Release|Any CPU
		{DB59ADD0-CD8E-4B5D-82F5-6102BCCDD52C}.Release|iPhoneSimulator.Build.0 = Release|Any CPU
		{DB59ADD0-CD8E-4B5D-82F5-6102BCCDD52C}.Release|x64.ActiveCfg = Release|Any CPU
		{DB59ADD0-CD8E-4B5D-82F5-6102BCCDD52C}.Release|x64.Build.0 = Release|Any CPU
		{DB59ADD0-CD8E-4B5D-82F5-6102BCCDD52C}.Release|x86.ActiveCfg = Release|Any CPU
		{DB59ADD0-CD8E-4B5D-82F5-6102BCCDD52C}.Release|x86.Build.0 = Release|Any CPU
		{718056E4-9BA9-42AB-87AD-C3C4857D4066}.Ad-Hoc|Any CPU.ActiveCfg = Debug|Any CPU
		{718056E4-9BA9-42AB-87AD-C3C4857D4066}.Ad-Hoc|Any CPU.Build.0 = Debug|Any CPU
		{718056E4-9BA9-42AB-87AD-C3C4857D4066}.Ad-Hoc|ARM.ActiveCfg = Debug|Any CPU
		{718056E4-9BA9-42AB-87AD-C3C4857D4066}.Ad-Hoc|ARM.Build.0 = Debug|Any CPU
		{718056E4-9BA9-42AB-87AD-C3C4857D4066}.Ad-Hoc|iPhone.ActiveCfg = Debug|Any CPU
		{718056E4-9BA9-42AB-87AD-C3C4857D4066}.Ad-Hoc|iPhone.Build.0 = Debug|Any CPU
		{718056E4-9BA9-42AB-87AD-C3C4857D4066}.Ad-Hoc|iPhoneSimulator.ActiveCfg = Debug|Any CPU
		{718056E4-9BA9-42AB-87AD-C3C4857D4066}.Ad-Hoc|iPhoneSimulator.Build.0 = Debug|Any CPU
		{718056E4-9BA9-42AB-87AD-C3C4857D4066}.Ad-Hoc|x64.ActiveCfg = Debug|Any CPU
		{718056E4-9BA9-42AB-87AD-C3C4857D4066}.Ad-Hoc|x64.Build.0 = Debug|Any CPU
		{718056E4-9BA9-42AB-87AD-C3C4857D4066}.Ad-Hoc|x86.ActiveCfg = Debug|Any CPU
		{718056E4-9BA9-42AB-87AD-C3C4857D4066}.Ad-Hoc|x86.Build.0 = Debug|Any CPU
		{718056E4-9BA9-42AB-87AD-C3C4857D4066}.AppStore|Any CPU.ActiveCfg = Debug|Any CPU
		{718056E4-9BA9-42AB-87AD-C3C4857D4066}.AppStore|Any CPU.Build.0 = Debug|Any CPU
		{718056E4-9BA9-42AB-87AD-C3C4857D4066}.AppStore|ARM.ActiveCfg = Debug|Any CPU
		{718056E4-9BA9-42AB-87AD-C3C4857D4066}.AppStore|ARM.Build.0 = Debug|Any CPU
		{718056E4-9BA9-42AB-87AD-C3C4857D4066}.AppStore|iPhone.ActiveCfg = Debug|Any CPU
		{718056E4-9BA9-42AB-87AD-C3C4857D4066}.AppStore|iPhone.Build.0 = Debug|Any CPU
		{718056E4-9BA9-42AB-87AD-C3C4857D4066}.AppStore|iPhoneSimulator.ActiveCfg = Debug|Any CPU
		{718056E4-9BA9-42AB-87AD-C3C4857D4066}.AppStore|iPhoneSimulator.Build.0 = Debug|Any CPU
		{718056E4-9BA9-42AB-87AD-C3C4857D4066}.AppStore|x64.ActiveCfg = Debug|Any CPU
		{718056E4-9BA9-42AB-87AD-C3C4857D4066}.AppStore|x64.Build.0 = Debug|Any CPU
		{718056E4-9BA9-42AB-87AD-C3C4857D4066}.AppStore|x86.ActiveCfg = Debug|Any CPU
		{718056E4-9BA9-42AB-87AD-C3C4857D4066}.AppStore|x86.Build.0 = Debug|Any CPU
		{718056E4-9BA9-42AB-87AD-C3C4857D4066}.Debug|Any CPU.ActiveCfg = Debug|Any CPU
		{718056E4-9BA9-42AB-87AD-C3C4857D4066}.Debug|Any CPU.Build.0 = Debug|Any CPU
		{718056E4-9BA9-42AB-87AD-C3C4857D4066}.Debug|ARM.ActiveCfg = Debug|Any CPU
		{718056E4-9BA9-42AB-87AD-C3C4857D4066}.Debug|ARM.Build.0 = Debug|Any CPU
		{718056E4-9BA9-42AB-87AD-C3C4857D4066}.Debug|iPhone.ActiveCfg = Debug|Any CPU
		{718056E4-9BA9-42AB-87AD-C3C4857D4066}.Debug|iPhone.Build.0 = Debug|Any CPU
		{718056E4-9BA9-42AB-87AD-C3C4857D4066}.Debug|iPhoneSimulator.ActiveCfg = Debug|Any CPU
		{718056E4-9BA9-42AB-87AD-C3C4857D4066}.Debug|iPhoneSimulator.Build.0 = Debug|Any CPU
		{718056E4-9BA9-42AB-87AD-C3C4857D4066}.Debug|x64.ActiveCfg = Debug|Any CPU
		{718056E4-9BA9-42AB-87AD-C3C4857D4066}.Debug|x64.Build.0 = Debug|Any CPU
		{718056E4-9BA9-42AB-87AD-C3C4857D4066}.Debug|x86.ActiveCfg = Debug|Any CPU
		{718056E4-9BA9-42AB-87AD-C3C4857D4066}.Debug|x86.Build.0 = Debug|Any CPU
		{718056E4-9BA9-42AB-87AD-C3C4857D4066}.Release|Any CPU.ActiveCfg = Release|Any CPU
		{718056E4-9BA9-42AB-87AD-C3C4857D4066}.Release|Any CPU.Build.0 = Release|Any CPU
		{718056E4-9BA9-42AB-87AD-C3C4857D4066}.Release|ARM.ActiveCfg = Release|Any CPU
		{718056E4-9BA9-42AB-87AD-C3C4857D4066}.Release|ARM.Build.0 = Release|Any CPU
		{718056E4-9BA9-42AB-87AD-C3C4857D4066}.Release|iPhone.ActiveCfg = Release|Any CPU
		{718056E4-9BA9-42AB-87AD-C3C4857D4066}.Release|iPhone.Build.0 = Release|Any CPU
		{718056E4-9BA9-42AB-87AD-C3C4857D4066}.Release|iPhoneSimulator.ActiveCfg = Release|Any CPU
		{718056E4-9BA9-42AB-87AD-C3C4857D4066}.Release|iPhoneSimulator.Build.0 = Release|Any CPU
		{718056E4-9BA9-42AB-87AD-C3C4857D4066}.Release|x64.ActiveCfg = Release|Any CPU
		{718056E4-9BA9-42AB-87AD-C3C4857D4066}.Release|x64.Build.0 = Release|Any CPU
		{718056E4-9BA9-42AB-87AD-C3C4857D4066}.Release|x86.ActiveCfg = Release|Any CPU
		{718056E4-9BA9-42AB-87AD-C3C4857D4066}.Release|x86.Build.0 = Release|Any CPU
		{62BBB98B-1E45-4F4B-90AB-AB23812DFF67}.Ad-Hoc|Any CPU.ActiveCfg = Debug|Any CPU
		{62BBB98B-1E45-4F4B-90AB-AB23812DFF67}.Ad-Hoc|Any CPU.Build.0 = Debug|Any CPU
		{62BBB98B-1E45-4F4B-90AB-AB23812DFF67}.Ad-Hoc|ARM.ActiveCfg = Debug|Any CPU
		{62BBB98B-1E45-4F4B-90AB-AB23812DFF67}.Ad-Hoc|ARM.Build.0 = Debug|Any CPU
		{62BBB98B-1E45-4F4B-90AB-AB23812DFF67}.Ad-Hoc|iPhone.ActiveCfg = Debug|Any CPU
		{62BBB98B-1E45-4F4B-90AB-AB23812DFF67}.Ad-Hoc|iPhone.Build.0 = Debug|Any CPU
		{62BBB98B-1E45-4F4B-90AB-AB23812DFF67}.Ad-Hoc|iPhoneSimulator.ActiveCfg = Debug|Any CPU
		{62BBB98B-1E45-4F4B-90AB-AB23812DFF67}.Ad-Hoc|iPhoneSimulator.Build.0 = Debug|Any CPU
		{62BBB98B-1E45-4F4B-90AB-AB23812DFF67}.Ad-Hoc|x64.ActiveCfg = Debug|Any CPU
		{62BBB98B-1E45-4F4B-90AB-AB23812DFF67}.Ad-Hoc|x64.Build.0 = Debug|Any CPU
		{62BBB98B-1E45-4F4B-90AB-AB23812DFF67}.Ad-Hoc|x86.ActiveCfg = Debug|Any CPU
		{62BBB98B-1E45-4F4B-90AB-AB23812DFF67}.Ad-Hoc|x86.Build.0 = Debug|Any CPU
		{62BBB98B-1E45-4F4B-90AB-AB23812DFF67}.AppStore|Any CPU.ActiveCfg = Debug|Any CPU
		{62BBB98B-1E45-4F4B-90AB-AB23812DFF67}.AppStore|Any CPU.Build.0 = Debug|Any CPU
		{62BBB98B-1E45-4F4B-90AB-AB23812DFF67}.AppStore|ARM.ActiveCfg = Debug|Any CPU
		{62BBB98B-1E45-4F4B-90AB-AB23812DFF67}.AppStore|ARM.Build.0 = Debug|Any CPU
		{62BBB98B-1E45-4F4B-90AB-AB23812DFF67}.AppStore|iPhone.ActiveCfg = Debug|Any CPU
		{62BBB98B-1E45-4F4B-90AB-AB23812DFF67}.AppStore|iPhone.Build.0 = Debug|Any CPU
		{62BBB98B-1E45-4F4B-90AB-AB23812DFF67}.AppStore|iPhoneSimulator.ActiveCfg = Debug|Any CPU
		{62BBB98B-1E45-4F4B-90AB-AB23812DFF67}.AppStore|iPhoneSimulator.Build.0 = Debug|Any CPU
		{62BBB98B-1E45-4F4B-90AB-AB23812DFF67}.AppStore|x64.ActiveCfg = Debug|Any CPU
		{62BBB98B-1E45-4F4B-90AB-AB23812DFF67}.AppStore|x64.Build.0 = Debug|Any CPU
		{62BBB98B-1E45-4F4B-90AB-AB23812DFF67}.AppStore|x86.ActiveCfg = Debug|Any CPU
		{62BBB98B-1E45-4F4B-90AB-AB23812DFF67}.AppStore|x86.Build.0 = Debug|Any CPU
		{62BBB98B-1E45-4F4B-90AB-AB23812DFF67}.Debug|Any CPU.ActiveCfg = Debug|Any CPU
		{62BBB98B-1E45-4F4B-90AB-AB23812DFF67}.Debug|Any CPU.Build.0 = Debug|Any CPU
		{62BBB98B-1E45-4F4B-90AB-AB23812DFF67}.Debug|ARM.ActiveCfg = Debug|Any CPU
		{62BBB98B-1E45-4F4B-90AB-AB23812DFF67}.Debug|ARM.Build.0 = Debug|Any CPU
		{62BBB98B-1E45-4F4B-90AB-AB23812DFF67}.Debug|iPhone.ActiveCfg = Debug|Any CPU
		{62BBB98B-1E45-4F4B-90AB-AB23812DFF67}.Debug|iPhone.Build.0 = Debug|Any CPU
		{62BBB98B-1E45-4F4B-90AB-AB23812DFF67}.Debug|iPhoneSimulator.ActiveCfg = Debug|Any CPU
		{62BBB98B-1E45-4F4B-90AB-AB23812DFF67}.Debug|iPhoneSimulator.Build.0 = Debug|Any CPU
		{62BBB98B-1E45-4F4B-90AB-AB23812DFF67}.Debug|x64.ActiveCfg = Debug|Any CPU
		{62BBB98B-1E45-4F4B-90AB-AB23812DFF67}.Debug|x64.Build.0 = Debug|Any CPU
		{62BBB98B-1E45-4F4B-90AB-AB23812DFF67}.Debug|x86.ActiveCfg = Debug|Any CPU
		{62BBB98B-1E45-4F4B-90AB-AB23812DFF67}.Debug|x86.Build.0 = Debug|Any CPU
		{62BBB98B-1E45-4F4B-90AB-AB23812DFF67}.Release|Any CPU.ActiveCfg = Release|Any CPU
		{62BBB98B-1E45-4F4B-90AB-AB23812DFF67}.Release|Any CPU.Build.0 = Release|Any CPU
		{62BBB98B-1E45-4F4B-90AB-AB23812DFF67}.Release|ARM.ActiveCfg = Release|Any CPU
		{62BBB98B-1E45-4F4B-90AB-AB23812DFF67}.Release|ARM.Build.0 = Release|Any CPU
		{62BBB98B-1E45-4F4B-90AB-AB23812DFF67}.Release|iPhone.ActiveCfg = Release|Any CPU
		{62BBB98B-1E45-4F4B-90AB-AB23812DFF67}.Release|iPhone.Build.0 = Release|Any CPU
		{62BBB98B-1E45-4F4B-90AB-AB23812DFF67}.Release|iPhoneSimulator.ActiveCfg = Release|Any CPU
		{62BBB98B-1E45-4F4B-90AB-AB23812DFF67}.Release|iPhoneSimulator.Build.0 = Release|Any CPU
		{62BBB98B-1E45-4F4B-90AB-AB23812DFF67}.Release|x64.ActiveCfg = Release|Any CPU
		{62BBB98B-1E45-4F4B-90AB-AB23812DFF67}.Release|x64.Build.0 = Release|Any CPU
		{62BBB98B-1E45-4F4B-90AB-AB23812DFF67}.Release|x86.ActiveCfg = Release|Any CPU
		{62BBB98B-1E45-4F4B-90AB-AB23812DFF67}.Release|x86.Build.0 = Release|Any CPU
		{5E721F78-94F6-497E-882A-16C8DED1936A}.Ad-Hoc|Any CPU.ActiveCfg = Debug|Any CPU
		{5E721F78-94F6-497E-882A-16C8DED1936A}.Ad-Hoc|Any CPU.Build.0 = Debug|Any CPU
		{5E721F78-94F6-497E-882A-16C8DED1936A}.Ad-Hoc|ARM.ActiveCfg = Debug|Any CPU
		{5E721F78-94F6-497E-882A-16C8DED1936A}.Ad-Hoc|ARM.Build.0 = Debug|Any CPU
		{5E721F78-94F6-497E-882A-16C8DED1936A}.Ad-Hoc|iPhone.ActiveCfg = Debug|Any CPU
		{5E721F78-94F6-497E-882A-16C8DED1936A}.Ad-Hoc|iPhone.Build.0 = Debug|Any CPU
		{5E721F78-94F6-497E-882A-16C8DED1936A}.Ad-Hoc|iPhoneSimulator.ActiveCfg = Debug|Any CPU
		{5E721F78-94F6-497E-882A-16C8DED1936A}.Ad-Hoc|iPhoneSimulator.Build.0 = Debug|Any CPU
		{5E721F78-94F6-497E-882A-16C8DED1936A}.Ad-Hoc|x64.ActiveCfg = Debug|Any CPU
		{5E721F78-94F6-497E-882A-16C8DED1936A}.Ad-Hoc|x64.Build.0 = Debug|Any CPU
		{5E721F78-94F6-497E-882A-16C8DED1936A}.Ad-Hoc|x86.ActiveCfg = Debug|Any CPU
		{5E721F78-94F6-497E-882A-16C8DED1936A}.Ad-Hoc|x86.Build.0 = Debug|Any CPU
		{5E721F78-94F6-497E-882A-16C8DED1936A}.AppStore|Any CPU.ActiveCfg = Debug|Any CPU
		{5E721F78-94F6-497E-882A-16C8DED1936A}.AppStore|Any CPU.Build.0 = Debug|Any CPU
		{5E721F78-94F6-497E-882A-16C8DED1936A}.AppStore|ARM.ActiveCfg = Debug|Any CPU
		{5E721F78-94F6-497E-882A-16C8DED1936A}.AppStore|ARM.Build.0 = Debug|Any CPU
		{5E721F78-94F6-497E-882A-16C8DED1936A}.AppStore|iPhone.ActiveCfg = Debug|Any CPU
		{5E721F78-94F6-497E-882A-16C8DED1936A}.AppStore|iPhone.Build.0 = Debug|Any CPU
		{5E721F78-94F6-497E-882A-16C8DED1936A}.AppStore|iPhoneSimulator.ActiveCfg = Debug|Any CPU
		{5E721F78-94F6-497E-882A-16C8DED1936A}.AppStore|iPhoneSimulator.Build.0 = Debug|Any CPU
		{5E721F78-94F6-497E-882A-16C8DED1936A}.AppStore|x64.ActiveCfg = Debug|Any CPU
		{5E721F78-94F6-497E-882A-16C8DED1936A}.AppStore|x64.Build.0 = Debug|Any CPU
		{5E721F78-94F6-497E-882A-16C8DED1936A}.AppStore|x86.ActiveCfg = Debug|Any CPU
		{5E721F78-94F6-497E-882A-16C8DED1936A}.AppStore|x86.Build.0 = Debug|Any CPU
		{5E721F78-94F6-497E-882A-16C8DED1936A}.Debug|Any CPU.ActiveCfg = Debug|Any CPU
		{5E721F78-94F6-497E-882A-16C8DED1936A}.Debug|Any CPU.Build.0 = Debug|Any CPU
		{5E721F78-94F6-497E-882A-16C8DED1936A}.Debug|ARM.ActiveCfg = Debug|Any CPU
		{5E721F78-94F6-497E-882A-16C8DED1936A}.Debug|ARM.Build.0 = Debug|Any CPU
		{5E721F78-94F6-497E-882A-16C8DED1936A}.Debug|iPhone.ActiveCfg = Debug|Any CPU
		{5E721F78-94F6-497E-882A-16C8DED1936A}.Debug|iPhone.Build.0 = Debug|Any CPU
		{5E721F78-94F6-497E-882A-16C8DED1936A}.Debug|iPhoneSimulator.ActiveCfg = Debug|Any CPU
		{5E721F78-94F6-497E-882A-16C8DED1936A}.Debug|iPhoneSimulator.Build.0 = Debug|Any CPU
		{5E721F78-94F6-497E-882A-16C8DED1936A}.Debug|x64.ActiveCfg = Debug|Any CPU
		{5E721F78-94F6-497E-882A-16C8DED1936A}.Debug|x64.Build.0 = Debug|Any CPU
		{5E721F78-94F6-497E-882A-16C8DED1936A}.Debug|x86.ActiveCfg = Debug|Any CPU
		{5E721F78-94F6-497E-882A-16C8DED1936A}.Debug|x86.Build.0 = Debug|Any CPU
		{5E721F78-94F6-497E-882A-16C8DED1936A}.Release|Any CPU.ActiveCfg = Release|Any CPU
		{5E721F78-94F6-497E-882A-16C8DED1936A}.Release|Any CPU.Build.0 = Release|Any CPU
		{5E721F78-94F6-497E-882A-16C8DED1936A}.Release|ARM.ActiveCfg = Release|Any CPU
		{5E721F78-94F6-497E-882A-16C8DED1936A}.Release|ARM.Build.0 = Release|Any CPU
		{5E721F78-94F6-497E-882A-16C8DED1936A}.Release|iPhone.ActiveCfg = Release|Any CPU
		{5E721F78-94F6-497E-882A-16C8DED1936A}.Release|iPhone.Build.0 = Release|Any CPU
		{5E721F78-94F6-497E-882A-16C8DED1936A}.Release|iPhoneSimulator.ActiveCfg = Release|Any CPU
		{5E721F78-94F6-497E-882A-16C8DED1936A}.Release|iPhoneSimulator.Build.0 = Release|Any CPU
		{5E721F78-94F6-497E-882A-16C8DED1936A}.Release|x64.ActiveCfg = Release|Any CPU
		{5E721F78-94F6-497E-882A-16C8DED1936A}.Release|x64.Build.0 = Release|Any CPU
		{5E721F78-94F6-497E-882A-16C8DED1936A}.Release|x86.ActiveCfg = Release|Any CPU
		{5E721F78-94F6-497E-882A-16C8DED1936A}.Release|x86.Build.0 = Release|Any CPU
		{8FE9B35A-87A7-4520-94EA-004D5D538A34}.Ad-Hoc|Any CPU.ActiveCfg = Release|Any CPU
		{8FE9B35A-87A7-4520-94EA-004D5D538A34}.Ad-Hoc|Any CPU.Build.0 = Release|Any CPU
		{8FE9B35A-87A7-4520-94EA-004D5D538A34}.Ad-Hoc|ARM.ActiveCfg = Release|Any CPU
		{8FE9B35A-87A7-4520-94EA-004D5D538A34}.Ad-Hoc|ARM.Build.0 = Release|Any CPU
		{8FE9B35A-87A7-4520-94EA-004D5D538A34}.Ad-Hoc|iPhone.ActiveCfg = Release|Any CPU
		{8FE9B35A-87A7-4520-94EA-004D5D538A34}.Ad-Hoc|iPhone.Build.0 = Release|Any CPU
		{8FE9B35A-87A7-4520-94EA-004D5D538A34}.Ad-Hoc|iPhoneSimulator.ActiveCfg = Release|Any CPU
		{8FE9B35A-87A7-4520-94EA-004D5D538A34}.Ad-Hoc|iPhoneSimulator.Build.0 = Release|Any CPU
		{8FE9B35A-87A7-4520-94EA-004D5D538A34}.Ad-Hoc|x64.ActiveCfg = Release|Any CPU
		{8FE9B35A-87A7-4520-94EA-004D5D538A34}.Ad-Hoc|x64.Build.0 = Release|Any CPU
		{8FE9B35A-87A7-4520-94EA-004D5D538A34}.Ad-Hoc|x86.ActiveCfg = Release|Any CPU
		{8FE9B35A-87A7-4520-94EA-004D5D538A34}.Ad-Hoc|x86.Build.0 = Release|Any CPU
		{8FE9B35A-87A7-4520-94EA-004D5D538A34}.AppStore|Any CPU.ActiveCfg = Release|Any CPU
		{8FE9B35A-87A7-4520-94EA-004D5D538A34}.AppStore|Any CPU.Build.0 = Release|Any CPU
		{8FE9B35A-87A7-4520-94EA-004D5D538A34}.AppStore|ARM.ActiveCfg = Release|Any CPU
		{8FE9B35A-87A7-4520-94EA-004D5D538A34}.AppStore|ARM.Build.0 = Release|Any CPU
		{8FE9B35A-87A7-4520-94EA-004D5D538A34}.AppStore|iPhone.ActiveCfg = Release|Any CPU
		{8FE9B35A-87A7-4520-94EA-004D5D538A34}.AppStore|iPhone.Build.0 = Release|Any CPU
		{8FE9B35A-87A7-4520-94EA-004D5D538A34}.AppStore|iPhoneSimulator.ActiveCfg = Release|Any CPU
		{8FE9B35A-87A7-4520-94EA-004D5D538A34}.AppStore|iPhoneSimulator.Build.0 = Release|Any CPU
		{8FE9B35A-87A7-4520-94EA-004D5D538A34}.AppStore|x64.ActiveCfg = Release|Any CPU
		{8FE9B35A-87A7-4520-94EA-004D5D538A34}.AppStore|x64.Build.0 = Release|Any CPU
		{8FE9B35A-87A7-4520-94EA-004D5D538A34}.AppStore|x86.ActiveCfg = Release|Any CPU
		{8FE9B35A-87A7-4520-94EA-004D5D538A34}.AppStore|x86.Build.0 = Release|Any CPU
		{8FE9B35A-87A7-4520-94EA-004D5D538A34}.Debug|Any CPU.ActiveCfg = Debug|Any CPU
		{8FE9B35A-87A7-4520-94EA-004D5D538A34}.Debug|Any CPU.Build.0 = Debug|Any CPU
		{8FE9B35A-87A7-4520-94EA-004D5D538A34}.Debug|ARM.ActiveCfg = Debug|Any CPU
		{8FE9B35A-87A7-4520-94EA-004D5D538A34}.Debug|ARM.Build.0 = Debug|Any CPU
		{8FE9B35A-87A7-4520-94EA-004D5D538A34}.Debug|iPhone.ActiveCfg = Debug|Any CPU
		{8FE9B35A-87A7-4520-94EA-004D5D538A34}.Debug|iPhone.Build.0 = Debug|Any CPU
		{8FE9B35A-87A7-4520-94EA-004D5D538A34}.Debug|iPhoneSimulator.ActiveCfg = Debug|Any CPU
		{8FE9B35A-87A7-4520-94EA-004D5D538A34}.Debug|iPhoneSimulator.Build.0 = Debug|Any CPU
		{8FE9B35A-87A7-4520-94EA-004D5D538A34}.Debug|x64.ActiveCfg = Debug|Any CPU
		{8FE9B35A-87A7-4520-94EA-004D5D538A34}.Debug|x64.Build.0 = Debug|Any CPU
		{8FE9B35A-87A7-4520-94EA-004D5D538A34}.Debug|x86.ActiveCfg = Debug|Any CPU
		{8FE9B35A-87A7-4520-94EA-004D5D538A34}.Debug|x86.Build.0 = Debug|Any CPU
		{8FE9B35A-87A7-4520-94EA-004D5D538A34}.Release|Any CPU.ActiveCfg = Release|Any CPU
		{8FE9B35A-87A7-4520-94EA-004D5D538A34}.Release|Any CPU.Build.0 = Release|Any CPU
		{8FE9B35A-87A7-4520-94EA-004D5D538A34}.Release|ARM.ActiveCfg = Release|Any CPU
		{8FE9B35A-87A7-4520-94EA-004D5D538A34}.Release|ARM.Build.0 = Release|Any CPU
		{8FE9B35A-87A7-4520-94EA-004D5D538A34}.Release|iPhone.ActiveCfg = Release|Any CPU
		{8FE9B35A-87A7-4520-94EA-004D5D538A34}.Release|iPhone.Build.0 = Release|Any CPU
		{8FE9B35A-87A7-4520-94EA-004D5D538A34}.Release|iPhoneSimulator.ActiveCfg = Release|Any CPU
		{8FE9B35A-87A7-4520-94EA-004D5D538A34}.Release|iPhoneSimulator.Build.0 = Release|Any CPU
		{8FE9B35A-87A7-4520-94EA-004D5D538A34}.Release|x64.ActiveCfg = Release|Any CPU
		{8FE9B35A-87A7-4520-94EA-004D5D538A34}.Release|x64.Build.0 = Release|Any CPU
		{8FE9B35A-87A7-4520-94EA-004D5D538A34}.Release|x86.ActiveCfg = Release|Any CPU
		{8FE9B35A-87A7-4520-94EA-004D5D538A34}.Release|x86.Build.0 = Release|Any CPU
		{D1AB0F6D-6A41-451F-98D6-59293CF36C46}.Ad-Hoc|Any CPU.ActiveCfg = Debug|Any CPU
		{D1AB0F6D-6A41-451F-98D6-59293CF36C46}.Ad-Hoc|Any CPU.Build.0 = Debug|Any CPU
		{D1AB0F6D-6A41-451F-98D6-59293CF36C46}.Ad-Hoc|ARM.ActiveCfg = Debug|Any CPU
		{D1AB0F6D-6A41-451F-98D6-59293CF36C46}.Ad-Hoc|ARM.Build.0 = Debug|Any CPU
		{D1AB0F6D-6A41-451F-98D6-59293CF36C46}.Ad-Hoc|iPhone.ActiveCfg = Debug|Any CPU
		{D1AB0F6D-6A41-451F-98D6-59293CF36C46}.Ad-Hoc|iPhone.Build.0 = Debug|Any CPU
		{D1AB0F6D-6A41-451F-98D6-59293CF36C46}.Ad-Hoc|iPhoneSimulator.ActiveCfg = Debug|Any CPU
		{D1AB0F6D-6A41-451F-98D6-59293CF36C46}.Ad-Hoc|iPhoneSimulator.Build.0 = Debug|Any CPU
		{D1AB0F6D-6A41-451F-98D6-59293CF36C46}.Ad-Hoc|x64.ActiveCfg = Debug|Any CPU
		{D1AB0F6D-6A41-451F-98D6-59293CF36C46}.Ad-Hoc|x64.Build.0 = Debug|Any CPU
		{D1AB0F6D-6A41-451F-98D6-59293CF36C46}.Ad-Hoc|x86.ActiveCfg = Debug|Any CPU
		{D1AB0F6D-6A41-451F-98D6-59293CF36C46}.Ad-Hoc|x86.Build.0 = Debug|Any CPU
		{D1AB0F6D-6A41-451F-98D6-59293CF36C46}.AppStore|Any CPU.ActiveCfg = Debug|Any CPU
		{D1AB0F6D-6A41-451F-98D6-59293CF36C46}.AppStore|Any CPU.Build.0 = Debug|Any CPU
		{D1AB0F6D-6A41-451F-98D6-59293CF36C46}.AppStore|ARM.ActiveCfg = Debug|Any CPU
		{D1AB0F6D-6A41-451F-98D6-59293CF36C46}.AppStore|ARM.Build.0 = Debug|Any CPU
		{D1AB0F6D-6A41-451F-98D6-59293CF36C46}.AppStore|iPhone.ActiveCfg = Debug|Any CPU
		{D1AB0F6D-6A41-451F-98D6-59293CF36C46}.AppStore|iPhone.Build.0 = Debug|Any CPU
		{D1AB0F6D-6A41-451F-98D6-59293CF36C46}.AppStore|iPhoneSimulator.ActiveCfg = Debug|Any CPU
		{D1AB0F6D-6A41-451F-98D6-59293CF36C46}.AppStore|iPhoneSimulator.Build.0 = Debug|Any CPU
		{D1AB0F6D-6A41-451F-98D6-59293CF36C46}.AppStore|x64.ActiveCfg = Debug|Any CPU
		{D1AB0F6D-6A41-451F-98D6-59293CF36C46}.AppStore|x64.Build.0 = Debug|Any CPU
		{D1AB0F6D-6A41-451F-98D6-59293CF36C46}.AppStore|x86.ActiveCfg = Debug|Any CPU
		{D1AB0F6D-6A41-451F-98D6-59293CF36C46}.AppStore|x86.Build.0 = Debug|Any CPU
		{D1AB0F6D-6A41-451F-98D6-59293CF36C46}.Debug|Any CPU.ActiveCfg = Debug|Any CPU
		{D1AB0F6D-6A41-451F-98D6-59293CF36C46}.Debug|Any CPU.Build.0 = Debug|Any CPU
		{D1AB0F6D-6A41-451F-98D6-59293CF36C46}.Debug|ARM.ActiveCfg = Debug|Any CPU
		{D1AB0F6D-6A41-451F-98D6-59293CF36C46}.Debug|ARM.Build.0 = Debug|Any CPU
		{D1AB0F6D-6A41-451F-98D6-59293CF36C46}.Debug|iPhone.ActiveCfg = Debug|Any CPU
		{D1AB0F6D-6A41-451F-98D6-59293CF36C46}.Debug|iPhone.Build.0 = Debug|Any CPU
		{D1AB0F6D-6A41-451F-98D6-59293CF36C46}.Debug|iPhoneSimulator.ActiveCfg = Debug|Any CPU
		{D1AB0F6D-6A41-451F-98D6-59293CF36C46}.Debug|iPhoneSimulator.Build.0 = Debug|Any CPU
		{D1AB0F6D-6A41-451F-98D6-59293CF36C46}.Debug|x64.ActiveCfg = Debug|Any CPU
		{D1AB0F6D-6A41-451F-98D6-59293CF36C46}.Debug|x64.Build.0 = Debug|Any CPU
		{D1AB0F6D-6A41-451F-98D6-59293CF36C46}.Debug|x86.ActiveCfg = Debug|Any CPU
		{D1AB0F6D-6A41-451F-98D6-59293CF36C46}.Debug|x86.Build.0 = Debug|Any CPU
		{D1AB0F6D-6A41-451F-98D6-59293CF36C46}.Release|Any CPU.ActiveCfg = Release|Any CPU
		{D1AB0F6D-6A41-451F-98D6-59293CF36C46}.Release|Any CPU.Build.0 = Release|Any CPU
		{D1AB0F6D-6A41-451F-98D6-59293CF36C46}.Release|ARM.ActiveCfg = Release|Any CPU
		{D1AB0F6D-6A41-451F-98D6-59293CF36C46}.Release|ARM.Build.0 = Release|Any CPU
		{D1AB0F6D-6A41-451F-98D6-59293CF36C46}.Release|iPhone.ActiveCfg = Release|Any CPU
		{D1AB0F6D-6A41-451F-98D6-59293CF36C46}.Release|iPhone.Build.0 = Release|Any CPU
		{D1AB0F6D-6A41-451F-98D6-59293CF36C46}.Release|iPhoneSimulator.ActiveCfg = Release|Any CPU
		{D1AB0F6D-6A41-451F-98D6-59293CF36C46}.Release|iPhoneSimulator.Build.0 = Release|Any CPU
		{D1AB0F6D-6A41-451F-98D6-59293CF36C46}.Release|x64.ActiveCfg = Release|Any CPU
		{D1AB0F6D-6A41-451F-98D6-59293CF36C46}.Release|x64.Build.0 = Release|Any CPU
		{D1AB0F6D-6A41-451F-98D6-59293CF36C46}.Release|x86.ActiveCfg = Release|Any CPU
		{D1AB0F6D-6A41-451F-98D6-59293CF36C46}.Release|x86.Build.0 = Release|Any CPU
		{B9FD5552-EF0C-4382-BCCD-CBC4DCD08E0B}.Ad-Hoc|Any CPU.ActiveCfg = Debug|Any CPU
		{B9FD5552-EF0C-4382-BCCD-CBC4DCD08E0B}.Ad-Hoc|Any CPU.Build.0 = Debug|Any CPU
		{B9FD5552-EF0C-4382-BCCD-CBC4DCD08E0B}.Ad-Hoc|ARM.ActiveCfg = Debug|Any CPU
		{B9FD5552-EF0C-4382-BCCD-CBC4DCD08E0B}.Ad-Hoc|ARM.Build.0 = Debug|Any CPU
		{B9FD5552-EF0C-4382-BCCD-CBC4DCD08E0B}.Ad-Hoc|iPhone.ActiveCfg = Debug|Any CPU
		{B9FD5552-EF0C-4382-BCCD-CBC4DCD08E0B}.Ad-Hoc|iPhone.Build.0 = Debug|Any CPU
		{B9FD5552-EF0C-4382-BCCD-CBC4DCD08E0B}.Ad-Hoc|iPhoneSimulator.ActiveCfg = Debug|Any CPU
		{B9FD5552-EF0C-4382-BCCD-CBC4DCD08E0B}.Ad-Hoc|iPhoneSimulator.Build.0 = Debug|Any CPU
		{B9FD5552-EF0C-4382-BCCD-CBC4DCD08E0B}.Ad-Hoc|x64.ActiveCfg = Debug|Any CPU
		{B9FD5552-EF0C-4382-BCCD-CBC4DCD08E0B}.Ad-Hoc|x64.Build.0 = Debug|Any CPU
		{B9FD5552-EF0C-4382-BCCD-CBC4DCD08E0B}.Ad-Hoc|x86.ActiveCfg = Debug|Any CPU
		{B9FD5552-EF0C-4382-BCCD-CBC4DCD08E0B}.Ad-Hoc|x86.Build.0 = Debug|Any CPU
		{B9FD5552-EF0C-4382-BCCD-CBC4DCD08E0B}.AppStore|Any CPU.ActiveCfg = Debug|Any CPU
		{B9FD5552-EF0C-4382-BCCD-CBC4DCD08E0B}.AppStore|Any CPU.Build.0 = Debug|Any CPU
		{B9FD5552-EF0C-4382-BCCD-CBC4DCD08E0B}.AppStore|ARM.ActiveCfg = Debug|Any CPU
		{B9FD5552-EF0C-4382-BCCD-CBC4DCD08E0B}.AppStore|ARM.Build.0 = Debug|Any CPU
		{B9FD5552-EF0C-4382-BCCD-CBC4DCD08E0B}.AppStore|iPhone.ActiveCfg = Debug|Any CPU
		{B9FD5552-EF0C-4382-BCCD-CBC4DCD08E0B}.AppStore|iPhone.Build.0 = Debug|Any CPU
		{B9FD5552-EF0C-4382-BCCD-CBC4DCD08E0B}.AppStore|iPhoneSimulator.ActiveCfg = Debug|Any CPU
		{B9FD5552-EF0C-4382-BCCD-CBC4DCD08E0B}.AppStore|iPhoneSimulator.Build.0 = Debug|Any CPU
		{B9FD5552-EF0C-4382-BCCD-CBC4DCD08E0B}.AppStore|x64.ActiveCfg = Debug|Any CPU
		{B9FD5552-EF0C-4382-BCCD-CBC4DCD08E0B}.AppStore|x64.Build.0 = Debug|Any CPU
		{B9FD5552-EF0C-4382-BCCD-CBC4DCD08E0B}.AppStore|x86.ActiveCfg = Debug|Any CPU
		{B9FD5552-EF0C-4382-BCCD-CBC4DCD08E0B}.AppStore|x86.Build.0 = Debug|Any CPU
		{B9FD5552-EF0C-4382-BCCD-CBC4DCD08E0B}.Debug|Any CPU.ActiveCfg = Debug|Any CPU
		{B9FD5552-EF0C-4382-BCCD-CBC4DCD08E0B}.Debug|Any CPU.Build.0 = Debug|Any CPU
		{B9FD5552-EF0C-4382-BCCD-CBC4DCD08E0B}.Debug|ARM.ActiveCfg = Debug|Any CPU
		{B9FD5552-EF0C-4382-BCCD-CBC4DCD08E0B}.Debug|ARM.Build.0 = Debug|Any CPU
		{B9FD5552-EF0C-4382-BCCD-CBC4DCD08E0B}.Debug|iPhone.ActiveCfg = Debug|Any CPU
		{B9FD5552-EF0C-4382-BCCD-CBC4DCD08E0B}.Debug|iPhone.Build.0 = Debug|Any CPU
		{B9FD5552-EF0C-4382-BCCD-CBC4DCD08E0B}.Debug|iPhoneSimulator.ActiveCfg = Debug|Any CPU
		{B9FD5552-EF0C-4382-BCCD-CBC4DCD08E0B}.Debug|iPhoneSimulator.Build.0 = Debug|Any CPU
		{B9FD5552-EF0C-4382-BCCD-CBC4DCD08E0B}.Debug|x64.ActiveCfg = Debug|Any CPU
		{B9FD5552-EF0C-4382-BCCD-CBC4DCD08E0B}.Debug|x64.Build.0 = Debug|Any CPU
		{B9FD5552-EF0C-4382-BCCD-CBC4DCD08E0B}.Debug|x86.ActiveCfg = Debug|Any CPU
		{B9FD5552-EF0C-4382-BCCD-CBC4DCD08E0B}.Debug|x86.Build.0 = Debug|Any CPU
		{B9FD5552-EF0C-4382-BCCD-CBC4DCD08E0B}.Release|Any CPU.ActiveCfg = Release|Any CPU
		{B9FD5552-EF0C-4382-BCCD-CBC4DCD08E0B}.Release|Any CPU.Build.0 = Release|Any CPU
		{B9FD5552-EF0C-4382-BCCD-CBC4DCD08E0B}.Release|ARM.ActiveCfg = Release|Any CPU
		{B9FD5552-EF0C-4382-BCCD-CBC4DCD08E0B}.Release|ARM.Build.0 = Release|Any CPU
		{B9FD5552-EF0C-4382-BCCD-CBC4DCD08E0B}.Release|iPhone.ActiveCfg = Release|Any CPU
		{B9FD5552-EF0C-4382-BCCD-CBC4DCD08E0B}.Release|iPhone.Build.0 = Release|Any CPU
		{B9FD5552-EF0C-4382-BCCD-CBC4DCD08E0B}.Release|iPhoneSimulator.ActiveCfg = Release|Any CPU
		{B9FD5552-EF0C-4382-BCCD-CBC4DCD08E0B}.Release|iPhoneSimulator.Build.0 = Release|Any CPU
		{B9FD5552-EF0C-4382-BCCD-CBC4DCD08E0B}.Release|x64.ActiveCfg = Release|Any CPU
		{B9FD5552-EF0C-4382-BCCD-CBC4DCD08E0B}.Release|x64.Build.0 = Release|Any CPU
		{B9FD5552-EF0C-4382-BCCD-CBC4DCD08E0B}.Release|x86.ActiveCfg = Release|Any CPU
		{B9FD5552-EF0C-4382-BCCD-CBC4DCD08E0B}.Release|x86.Build.0 = Release|Any CPU
	EndGlobalSection
	GlobalSection(SolutionProperties) = preSolution
		HideSolutionNode = FALSE
	EndGlobalSection
	GlobalSection(NestedProjects) = preSolution
		{CBDA94A9-C340-4F0B-A6B7-6E79D8609E84} = {921341D0-1CFC-4AEC-A938-5896D35E5168}
		{62A2143D-1D65-4B58-8E3F-7EF70C111394} = {C74A5D0B-58F2-41BE-9AF3-D3B2E75ECAA4}
		{7C6E5CF1-46D6-468E-9981-C82F9BC07423} = {C74A5D0B-58F2-41BE-9AF3-D3B2E75ECAA4}
		{280C16B4-FB91-4FCE-9BAA-463EC5305A05} = {B423DA51-E272-4A7A-B890-43B92367C186}
		{6664FB84-86D2-420A-B888-356AC9B7CBEC} = {B423DA51-E272-4A7A-B890-43B92367C186}
		{25671DEB-5FE3-4396-8598-FE6919064A93} = {B423DA51-E272-4A7A-B890-43B92367C186}
		{331FA6ED-75B4-4320-8315-9BA8F45C9143} = {B423DA51-E272-4A7A-B890-43B92367C186}
		{036C5DBE-7DD3-4B37-B205-FA9054AD8C9C} = {B423DA51-E272-4A7A-B890-43B92367C186}
		{DB59ADD0-CD8E-4B5D-82F5-6102BCCDD52C} = {1189A23C-D03C-4854-8DF6-E7A447F8346E}
		{718056E4-9BA9-42AB-87AD-C3C4857D4066} = {1189A23C-D03C-4854-8DF6-E7A447F8346E}
		{62BBB98B-1E45-4F4B-90AB-AB23812DFF67} = {CC98C10C-FF79-48FE-877C-28483270F22D}
		{5E721F78-94F6-497E-882A-16C8DED1936A} = {CC98C10C-FF79-48FE-877C-28483270F22D}
		{8FE9B35A-87A7-4520-94EA-004D5D538A34} = {CC98C10C-FF79-48FE-877C-28483270F22D}
		{D1AB0F6D-6A41-451F-98D6-59293CF36C46} = {11029EE5-1825-4711-A096-A7866CB950DE}
		{B9FD5552-EF0C-4382-BCCD-CBC4DCD08E0B} = {11029EE5-1825-4711-A096-A7866CB950DE}
	EndGlobalSection
	GlobalSection(ExtensibilityGlobals) = postSolution
		SolutionGuid = {F69DF05E-71DD-4A71-A6B5-62291EC4E620}
	EndGlobalSection
EndGlobal
